// !$*UTF8*$!
{
	archiveVersion = 1;
	classes = {
	};
	objectVersion = 46;
	objects = {

/* Begin PBXBuildFile section */
		19375C7219FE633100689ADD /* TimeServiceAlarmBusObj.cc in Sources */ = {isa = PBXBuildFile; fileRef = 19375C5F19FE633100689ADD /* TimeServiceAlarmBusObj.cc */; };
		19375C7319FE633100689ADD /* TimeServiceAlarmFactoryBusObj.cc in Sources */ = {isa = PBXBuildFile; fileRef = 19375C6019FE633100689ADD /* TimeServiceAlarmFactoryBusObj.cc */; };
		19375C7419FE633100689ADD /* TimeServiceAuthorityClockBusObj.cc in Sources */ = {isa = PBXBuildFile; fileRef = 19375C6119FE633100689ADD /* TimeServiceAuthorityClockBusObj.cc */; };
		19375C7519FE633100689ADD /* TimeServiceServer.cc in Sources */ = {isa = PBXBuildFile; fileRef = 19375C6419FE633100689ADD /* TimeServiceServer.cc */; };
		19375C7619FE633100689ADD /* TimeServiceServerTimer.cc in Sources */ = {isa = PBXBuildFile; fileRef = 19375C6519FE633100689ADD /* TimeServiceServerTimer.cc */; };
		19375C7719FE633100689ADD /* TimeServiceServerTimerFactory.cc in Sources */ = {isa = PBXBuildFile; fileRef = 19375C6619FE633100689ADD /* TimeServiceServerTimerFactory.cc */; };
		19375C7819FE633100689ADD /* TimeServiceTimerBusObj.cc in Sources */ = {isa = PBXBuildFile; fileRef = 19375C6719FE633100689ADD /* TimeServiceTimerBusObj.cc */; };
		19375C7919FE633100689ADD /* TimeServiceTimerFactoryBusObj.cc in Sources */ = {isa = PBXBuildFile; fileRef = 19375C6819FE633100689ADD /* TimeServiceTimerFactoryBusObj.cc */; };
		19375C7A19FE633100689ADD /* TimeServiceClockBusObj.cc in Sources */ = {isa = PBXBuildFile; fileRef = 19375C6B19FE633100689ADD /* TimeServiceClockBusObj.cc */; };
		19375C7B19FE633100689ADD /* TimeServiceGlobalStringSequencer.cc in Sources */ = {isa = PBXBuildFile; fileRef = 19375C6C19FE633100689ADD /* TimeServiceGlobalStringSequencer.cc */; };
		19375C7C19FE633100689ADD /* TimeServiceServerAlarm.cc in Sources */ = {isa = PBXBuildFile; fileRef = 19375C6E19FE633100689ADD /* TimeServiceServerAlarm.cc */; };
		19375C7D19FE633100689ADD /* TimeServiceServerAlarmFactory.cc in Sources */ = {isa = PBXBuildFile; fileRef = 19375C6F19FE633100689ADD /* TimeServiceServerAlarmFactory.cc */; };
		19375C7E19FE633100689ADD /* TimeServiceServerAuthorityClock.cc in Sources */ = {isa = PBXBuildFile; fileRef = 19375C7019FE633100689ADD /* TimeServiceServerAuthorityClock.cc */; };
		19375C7F19FE633100689ADD /* TimeServiceServerClock.cc in Sources */ = {isa = PBXBuildFile; fileRef = 19375C7119FE633100689ADD /* TimeServiceServerClock.cc */; };
		19375C8F19FE634B00689ADD /* TimeServiceClockUtility.cc in Sources */ = {isa = PBXBuildFile; fileRef = 19375C8019FE634B00689ADD /* TimeServiceClockUtility.cc */; };
		19375C9019FE634B00689ADD /* TimeServiceTimerUtility.cc in Sources */ = {isa = PBXBuildFile; fileRef = 19375C8219FE634B00689ADD /* TimeServiceTimerUtility.cc */; };
		19375C9119FE634B00689ADD /* TimeServiceUtility.cc in Sources */ = {isa = PBXBuildFile; fileRef = 19375C8419FE634B00689ADD /* TimeServiceUtility.cc */; };
		19375C9219FE634B00689ADD /* Mutex.cc in Sources */ = {isa = PBXBuildFile; fileRef = 19375C8619FE634B00689ADD /* Mutex.cc */; };
		19375C9319FE634B00689ADD /* TimeServiceAlarmUtility.cc in Sources */ = {isa = PBXBuildFile; fileRef = 19375C8819FE634B00689ADD /* TimeServiceAlarmUtility.cc */; };
		19375C9419FE634B00689ADD /* TimeServiceDate.cc in Sources */ = {isa = PBXBuildFile; fileRef = 19375C8A19FE634B00689ADD /* TimeServiceDate.cc */; };
		19375C9519FE634B00689ADD /* TimeServiceDateTime.cc in Sources */ = {isa = PBXBuildFile; fileRef = 19375C8B19FE634B00689ADD /* TimeServiceDateTime.cc */; };
		19375C9619FE634B00689ADD /* TimeServicePeriod.cc in Sources */ = {isa = PBXBuildFile; fileRef = 19375C8C19FE634B00689ADD /* TimeServicePeriod.cc */; };
		19375C9719FE634B00689ADD /* TimeServiceSchedule.cc in Sources */ = {isa = PBXBuildFile; fileRef = 19375C8D19FE634B00689ADD /* TimeServiceSchedule.cc */; };
		19375C9819FE634B00689ADD /* TimeServiceTime.cc in Sources */ = {isa = PBXBuildFile; fileRef = 19375C8E19FE634B00689ADD /* TimeServiceTime.cc */; };
		19375CAC19FE636500689ADD /* TimerSignalHandler.cc in Sources */ = {isa = PBXBuildFile; fileRef = 19375C9919FE636500689ADD /* TimerSignalHandler.cc */; };
		19375CAD19FE636500689ADD /* TimeServiceClientTimerFactory.cc in Sources */ = {isa = PBXBuildFile; fileRef = 19375C9A19FE636500689ADD /* TimeServiceClientTimerFactory.cc */; };
		19375CAE19FE636500689ADD /* AlarmSignalHandler.cc in Sources */ = {isa = PBXBuildFile; fileRef = 19375C9B19FE636500689ADD /* AlarmSignalHandler.cc */; };
		19375CAF19FE636500689ADD /* TimeAuthoritySignalHandler.cc in Sources */ = {isa = PBXBuildFile; fileRef = 19375C9D19FE636500689ADD /* TimeAuthoritySignalHandler.cc */; };
		19375CB019FE636500689ADD /* TimeServiceClient.cc in Sources */ = {isa = PBXBuildFile; fileRef = 19375CA019FE636500689ADD /* TimeServiceClient.cc */; };
		19375CB119FE636500689ADD /* TimeServiceClientAlarm.cc in Sources */ = {isa = PBXBuildFile; fileRef = 19375CA119FE636500689ADD /* TimeServiceClientAlarm.cc */; };
		19375CB219FE636500689ADD /* TimeServiceClientAlarmFactory.cc in Sources */ = {isa = PBXBuildFile; fileRef = 19375CA219FE636500689ADD /* TimeServiceClientAlarmFactory.cc */; };
		19375CB319FE636500689ADD /* TimeServiceClientBase.cc in Sources */ = {isa = PBXBuildFile; fileRef = 19375CA319FE636500689ADD /* TimeServiceClientBase.cc */; };
		19375CB419FE636500689ADD /* TimeServiceClientClock.cc in Sources */ = {isa = PBXBuildFile; fileRef = 19375CA419FE636500689ADD /* TimeServiceClientClock.cc */; };
		19375CB519FE636500689ADD /* TimeServiceClientTimer.cc in Sources */ = {isa = PBXBuildFile; fileRef = 19375CA519FE636500689ADD /* TimeServiceClientTimer.cc */; };
		19375CB619FE636500689ADD /* TimeServiceIntrospectionNode.cc in Sources */ = {isa = PBXBuildFile; fileRef = 19375CA619FE636500689ADD /* TimeServiceIntrospectionNode.cc */; };
		19375CB719FE636500689ADD /* TimeServiceObjectIntrospector.cc in Sources */ = {isa = PBXBuildFile; fileRef = 19375CA819FE636500689ADD /* TimeServiceObjectIntrospector.cc */; };
		19375CB819FE636500689ADD /* TimeServiceSessionHandler.cc in Sources */ = {isa = PBXBuildFile; fileRef = 19375CA919FE636500689ADD /* TimeServiceSessionHandler.cc */; };
		19375CB919FE636500689ADD /* TimeServiceSessionListener.cc in Sources */ = {isa = PBXBuildFile; fileRef = 19375CAB19FE636500689ADD /* TimeServiceSessionListener.cc */; };
		19375CBC19FE638300689ADD /* libxml2.2.dylib in Frameworks */ = {isa = PBXBuildFile; fileRef = 19375CBA19FE638300689ADD /* libxml2.2.dylib */; };
		19375CBD19FE638300689ADD /* libxml2.dylib in Frameworks */ = {isa = PBXBuildFile; fileRef = 19375CBB19FE638300689ADD /* libxml2.dylib */; };
		9AB9CDD618547B37004660C5 /* Foundation.framework in Frameworks */ = {isa = PBXBuildFile; fileRef = 9AB9CDD518547B37004660C5 /* Foundation.framework */; };
/* End PBXBuildFile section */

/* Begin PBXCopyFilesBuildPhase section */
		9AA93A7C1855C1B200378361 /* CopyFiles */ = {
			isa = PBXCopyFilesBuildPhase;
			buildActionMask = 2147483647;
			dstPath = inc/alljoyn/services_common;
			dstSubfolderSpec = 16;
			files = (
			);
			runOnlyForDeploymentPostprocessing = 0;
		};
		9AA93A7F1855C1F600378361 /* CopyFiles */ = {
			isa = PBXCopyFilesBuildPhase;
			buildActionMask = 2147483647;
			dstPath = inc/alljoyn/config;
			dstSubfolderSpec = 16;
			files = (
			);
			runOnlyForDeploymentPostprocessing = 0;
		};
		9AB9CDD018547B37004660C5 /* Copy Files */ = {
			isa = PBXCopyFilesBuildPhase;
			buildActionMask = 2147483647;
			dstPath = inc/alljoyn/about;
			dstSubfolderSpec = 16;
			files = (
			);
			name = "Copy Files";
			runOnlyForDeploymentPostprocessing = 0;
		};
/* End PBXCopyFilesBuildPhase section */

/* Begin PBXFileReference section */
		19375C4219FE62E800689ADD /* LogModule.h */ = {isa = PBXFileReference; fileEncoding = 4; lastKnownFileType = sourcecode.c.h; name = LogModule.h; path = ../../../../cpp/inc/alljoyn/time/LogModule.h; sourceTree = "<group>"; };
		19375C4319FE62E800689ADD /* TimeServiceClientTimerFactory.h */ = {isa = PBXFileReference; fileEncoding = 4; lastKnownFileType = sourcecode.c.h; name = TimeServiceClientTimerFactory.h; path = ../../../../cpp/inc/alljoyn/time/TimeServiceClientTimerFactory.h; sourceTree = "<group>"; };
		19375C4419FE62E800689ADD /* TimeServiceAlarmBusObj.h */ = {isa = PBXFileReference; fileEncoding = 4; lastKnownFileType = sourcecode.c.h; name = TimeServiceAlarmBusObj.h; path = ../../../../cpp/inc/alljoyn/time/TimeServiceAlarmBusObj.h; sourceTree = "<group>"; };
		19375C4519FE62E800689ADD /* TimeServiceClient.h */ = {isa = PBXFileReference; fileEncoding = 4; lastKnownFileType = sourcecode.c.h; name = TimeServiceClient.h; path = ../../../../cpp/inc/alljoyn/time/TimeServiceClient.h; sourceTree = "<group>"; };
		19375C4619FE62E800689ADD /* TimeServiceClientAlarm.h */ = {isa = PBXFileReference; fileEncoding = 4; lastKnownFileType = sourcecode.c.h; name = TimeServiceClientAlarm.h; path = ../../../../cpp/inc/alljoyn/time/TimeServiceClientAlarm.h; sourceTree = "<group>"; };
		19375C4719FE62E800689ADD /* TimeServiceClientAlarmFactory.h */ = {isa = PBXFileReference; fileEncoding = 4; lastKnownFileType = sourcecode.c.h; name = TimeServiceClientAlarmFactory.h; path = ../../../../cpp/inc/alljoyn/time/TimeServiceClientAlarmFactory.h; sourceTree = "<group>"; };
		19375C4819FE62E800689ADD /* TimeServiceClientBase.h */ = {isa = PBXFileReference; fileEncoding = 4; lastKnownFileType = sourcecode.c.h; name = TimeServiceClientBase.h; path = ../../../../cpp/inc/alljoyn/time/TimeServiceClientBase.h; sourceTree = "<group>"; };
		19375C4919FE62E800689ADD /* TimeServiceClientClock.h */ = {isa = PBXFileReference; fileEncoding = 4; lastKnownFileType = sourcecode.c.h; name = TimeServiceClientClock.h; path = ../../../../cpp/inc/alljoyn/time/TimeServiceClientClock.h; sourceTree = "<group>"; };
		19375C4A19FE62E800689ADD /* TimeServiceClientTimer.h */ = {isa = PBXFileReference; fileEncoding = 4; lastKnownFileType = sourcecode.c.h; name = TimeServiceClientTimer.h; path = ../../../../cpp/inc/alljoyn/time/TimeServiceClientTimer.h; sourceTree = "<group>"; };
		19375C4B19FE62E800689ADD /* TimeServiceConstants.h */ = {isa = PBXFileReference; fileEncoding = 4; lastKnownFileType = sourcecode.c.h; name = TimeServiceConstants.h; path = ../../../../cpp/inc/alljoyn/time/TimeServiceConstants.h; sourceTree = "<group>"; };
		19375C4C19FE62E800689ADD /* TimeServiceObjectIntrospector.h */ = {isa = PBXFileReference; fileEncoding = 4; lastKnownFileType = sourcecode.c.h; name = TimeServiceObjectIntrospector.h; path = ../../../../cpp/inc/alljoyn/time/TimeServiceObjectIntrospector.h; sourceTree = "<group>"; };
		19375C4D19FE62E800689ADD /* TimeServiceServer.h */ = {isa = PBXFileReference; fileEncoding = 4; lastKnownFileType = sourcecode.c.h; name = TimeServiceServer.h; path = ../../../../cpp/inc/alljoyn/time/TimeServiceServer.h; sourceTree = "<group>"; };
		19375C4E19FE62E800689ADD /* TimeServiceServerAlarm.h */ = {isa = PBXFileReference; fileEncoding = 4; lastKnownFileType = sourcecode.c.h; name = TimeServiceServerAlarm.h; path = ../../../../cpp/inc/alljoyn/time/TimeServiceServerAlarm.h; sourceTree = "<group>"; };
		19375C4F19FE62E800689ADD /* TimeServiceServerAuthorityClock.h */ = {isa = PBXFileReference; fileEncoding = 4; lastKnownFileType = sourcecode.c.h; name = TimeServiceServerAuthorityClock.h; path = ../../../../cpp/inc/alljoyn/time/TimeServiceServerAuthorityClock.h; sourceTree = "<group>"; };
		19375C5019FE62E800689ADD /* TimeServiceServerClock.h */ = {isa = PBXFileReference; fileEncoding = 4; lastKnownFileType = sourcecode.c.h; name = TimeServiceServerClock.h; path = ../../../../cpp/inc/alljoyn/time/TimeServiceServerClock.h; sourceTree = "<group>"; };
		19375C5119FE62E800689ADD /* TimeServiceServerTimer.h */ = {isa = PBXFileReference; fileEncoding = 4; lastKnownFileType = sourcecode.c.h; name = TimeServiceServerTimer.h; path = ../../../../cpp/inc/alljoyn/time/TimeServiceServerTimer.h; sourceTree = "<group>"; };
		19375C5219FE62E800689ADD /* TimeServiceServerTimerFactory.h */ = {isa = PBXFileReference; fileEncoding = 4; lastKnownFileType = sourcecode.c.h; name = TimeServiceServerTimerFactory.h; path = ../../../../cpp/inc/alljoyn/time/TimeServiceServerTimerFactory.h; sourceTree = "<group>"; };
		19375C5319FE62E800689ADD /* TimeServiceSessionListener.h */ = {isa = PBXFileReference; fileEncoding = 4; lastKnownFileType = sourcecode.c.h; name = TimeServiceSessionListener.h; path = ../../../../cpp/inc/alljoyn/time/TimeServiceSessionListener.h; sourceTree = "<group>"; };
		19375C5519FE62E800689ADD /* TimeServiceTimerBusObj.h */ = {isa = PBXFileReference; fileEncoding = 4; lastKnownFileType = sourcecode.c.h; name = TimeServiceTimerBusObj.h; path = ../../../../cpp/inc/alljoyn/time/TimeServiceTimerBusObj.h; sourceTree = "<group>"; };
		19375C5619FE62E800689ADD /* TimeServiceDate.h */ = {isa = PBXFileReference; fileEncoding = 4; lastKnownFileType = sourcecode.c.h; name = TimeServiceDate.h; path = ../../../../cpp/inc/alljoyn/time/TimeServiceDate.h; sourceTree = "<group>"; };
		19375C5719FE62E800689ADD /* TimeServiceDateTime.h */ = {isa = PBXFileReference; fileEncoding = 4; lastKnownFileType = sourcecode.c.h; name = TimeServiceDateTime.h; path = ../../../../cpp/inc/alljoyn/time/TimeServiceDateTime.h; sourceTree = "<group>"; };
		19375C5819FE62E800689ADD /* TimeServicePeriod.h */ = {isa = PBXFileReference; fileEncoding = 4; lastKnownFileType = sourcecode.c.h; name = TimeServicePeriod.h; path = ../../../../cpp/inc/alljoyn/time/TimeServicePeriod.h; sourceTree = "<group>"; };
		19375C5919FE62E800689ADD /* TimeServiceSchedule.h */ = {isa = PBXFileReference; fileEncoding = 4; lastKnownFileType = sourcecode.c.h; name = TimeServiceSchedule.h; path = ../../../../cpp/inc/alljoyn/time/TimeServiceSchedule.h; sourceTree = "<group>"; };
		19375C5A19FE62E800689ADD /* TimeServiceServerAlarmFactory.h */ = {isa = PBXFileReference; fileEncoding = 4; lastKnownFileType = sourcecode.c.h; name = TimeServiceServerAlarmFactory.h; path = ../../../../cpp/inc/alljoyn/time/TimeServiceServerAlarmFactory.h; sourceTree = "<group>"; };
		19375C5B19FE62E800689ADD /* TimeServiceTime.h */ = {isa = PBXFileReference; fileEncoding = 4; lastKnownFileType = sourcecode.c.h; name = TimeServiceTime.h; path = ../../../../cpp/inc/alljoyn/time/TimeServiceTime.h; sourceTree = "<group>"; };
		19375C5F19FE633100689ADD /* TimeServiceAlarmBusObj.cc */ = {isa = PBXFileReference; fileEncoding = 4; lastKnownFileType = sourcecode.cpp.cpp; name = TimeServiceAlarmBusObj.cc; path = ../../../../cpp/src/server/TimeServiceAlarmBusObj.cc; sourceTree = "<group>"; };
		19375C6019FE633100689ADD /* TimeServiceAlarmFactoryBusObj.cc */ = {isa = PBXFileReference; fileEncoding = 4; lastKnownFileType = sourcecode.cpp.cpp; name = TimeServiceAlarmFactoryBusObj.cc; path = ../../../../cpp/src/server/TimeServiceAlarmFactoryBusObj.cc; sourceTree = "<group>"; };
		19375C6119FE633100689ADD /* TimeServiceAuthorityClockBusObj.cc */ = {isa = PBXFileReference; fileEncoding = 4; lastKnownFileType = sourcecode.cpp.cpp; name = TimeServiceAuthorityClockBusObj.cc; path = ../../../../cpp/src/server/TimeServiceAuthorityClockBusObj.cc; sourceTree = "<group>"; };
		19375C6219FE633100689ADD /* TimeServiceAuthorityClockBusObj.h */ = {isa = PBXFileReference; fileEncoding = 4; lastKnownFileType = sourcecode.c.h; name = TimeServiceAuthorityClockBusObj.h; path = ../../../../cpp/src/server/TimeServiceAuthorityClockBusObj.h; sourceTree = "<group>"; };
		19375C6319FE633100689ADD /* TimeServiceClockBusObj.h */ = {isa = PBXFileReference; fileEncoding = 4; lastKnownFileType = sourcecode.c.h; name = TimeServiceClockBusObj.h; path = ../../../../cpp/src/server/TimeServiceClockBusObj.h; sourceTree = "<group>"; };
		19375C6419FE633100689ADD /* TimeServiceServer.cc */ = {isa = PBXFileReference; fileEncoding = 4; lastKnownFileType = sourcecode.cpp.cpp; name = TimeServiceServer.cc; path = ../../../../cpp/src/server/TimeServiceServer.cc; sourceTree = "<group>"; };
		19375C6519FE633100689ADD /* TimeServiceServerTimer.cc */ = {isa = PBXFileReference; fileEncoding = 4; lastKnownFileType = sourcecode.cpp.cpp; name = TimeServiceServerTimer.cc; path = ../../../../cpp/src/server/TimeServiceServerTimer.cc; sourceTree = "<group>"; };
		19375C6619FE633100689ADD /* TimeServiceServerTimerFactory.cc */ = {isa = PBXFileReference; fileEncoding = 4; lastKnownFileType = sourcecode.cpp.cpp; name = TimeServiceServerTimerFactory.cc; path = ../../../../cpp/src/server/TimeServiceServerTimerFactory.cc; sourceTree = "<group>"; };
		19375C6719FE633100689ADD /* TimeServiceTimerBusObj.cc */ = {isa = PBXFileReference; fileEncoding = 4; lastKnownFileType = sourcecode.cpp.cpp; name = TimeServiceTimerBusObj.cc; path = ../../../../cpp/src/server/TimeServiceTimerBusObj.cc; sourceTree = "<group>"; };
		19375C6819FE633100689ADD /* TimeServiceTimerFactoryBusObj.cc */ = {isa = PBXFileReference; fileEncoding = 4; lastKnownFileType = sourcecode.cpp.cpp; name = TimeServiceTimerFactoryBusObj.cc; path = ../../../../cpp/src/server/TimeServiceTimerFactoryBusObj.cc; sourceTree = "<group>"; };
		19375C6919FE633100689ADD /* TimeServiceTimerFactoryBusObj.h */ = {isa = PBXFileReference; fileEncoding = 4; lastKnownFileType = sourcecode.c.h; name = TimeServiceTimerFactoryBusObj.h; path = ../../../../cpp/src/server/TimeServiceTimerFactoryBusObj.h; sourceTree = "<group>"; };
		19375C6A19FE633100689ADD /* TimeServiceAlarmFactoryBusObj.h */ = {isa = PBXFileReference; fileEncoding = 4; lastKnownFileType = sourcecode.c.h; name = TimeServiceAlarmFactoryBusObj.h; path = ../../../../cpp/src/server/TimeServiceAlarmFactoryBusObj.h; sourceTree = "<group>"; };
		19375C6B19FE633100689ADD /* TimeServiceClockBusObj.cc */ = {isa = PBXFileReference; fileEncoding = 4; lastKnownFileType = sourcecode.cpp.cpp; name = TimeServiceClockBusObj.cc; path = ../../../../cpp/src/server/TimeServiceClockBusObj.cc; sourceTree = "<group>"; };
		19375C6C19FE633100689ADD /* TimeServiceGlobalStringSequencer.cc */ = {isa = PBXFileReference; fileEncoding = 4; lastKnownFileType = sourcecode.cpp.cpp; name = TimeServiceGlobalStringSequencer.cc; path = ../../../../cpp/src/server/TimeServiceGlobalStringSequencer.cc; sourceTree = "<group>"; };
		19375C6D19FE633100689ADD /* TimeServiceGlobalStringSequencer.h */ = {isa = PBXFileReference; fileEncoding = 4; lastKnownFileType = sourcecode.c.h; name = TimeServiceGlobalStringSequencer.h; path = ../../../../cpp/src/server/TimeServiceGlobalStringSequencer.h; sourceTree = "<group>"; };
		19375C6E19FE633100689ADD /* TimeServiceServerAlarm.cc */ = {isa = PBXFileReference; fileEncoding = 4; lastKnownFileType = sourcecode.cpp.cpp; name = TimeServiceServerAlarm.cc; path = ../../../../cpp/src/server/TimeServiceServerAlarm.cc; sourceTree = "<group>"; };
		19375C6F19FE633100689ADD /* TimeServiceServerAlarmFactory.cc */ = {isa = PBXFileReference; fileEncoding = 4; lastKnownFileType = sourcecode.cpp.cpp; name = TimeServiceServerAlarmFactory.cc; path = ../../../../cpp/src/server/TimeServiceServerAlarmFactory.cc; sourceTree = "<group>"; };
		19375C7019FE633100689ADD /* TimeServiceServerAuthorityClock.cc */ = {isa = PBXFileReference; fileEncoding = 4; lastKnownFileType = sourcecode.cpp.cpp; name = TimeServiceServerAuthorityClock.cc; path = ../../../../cpp/src/server/TimeServiceServerAuthorityClock.cc; sourceTree = "<group>"; };
		19375C7119FE633100689ADD /* TimeServiceServerClock.cc */ = {isa = PBXFileReference; fileEncoding = 4; lastKnownFileType = sourcecode.cpp.cpp; name = TimeServiceServerClock.cc; path = ../../../../cpp/src/server/TimeServiceServerClock.cc; sourceTree = "<group>"; };
		19375C8019FE634B00689ADD /* TimeServiceClockUtility.cc */ = {isa = PBXFileReference; fileEncoding = 4; lastKnownFileType = sourcecode.cpp.cpp; name = TimeServiceClockUtility.cc; path = ../../../../cpp/src/common/TimeServiceClockUtility.cc; sourceTree = "<group>"; };
		19375C8119FE634B00689ADD /* TimeServiceClockUtility.h */ = {isa = PBXFileReference; fileEncoding = 4; lastKnownFileType = sourcecode.c.h; name = TimeServiceClockUtility.h; path = ../../../../cpp/src/common/TimeServiceClockUtility.h; sourceTree = "<group>"; };
		19375C8219FE634B00689ADD /* TimeServiceTimerUtility.cc */ = {isa = PBXFileReference; fileEncoding = 4; lastKnownFileType = sourcecode.cpp.cpp; name = TimeServiceTimerUtility.cc; path = ../../../../cpp/src/common/TimeServiceTimerUtility.cc; sourceTree = "<group>"; };
		19375C8319FE634B00689ADD /* TimeServiceTimerUtility.h */ = {isa = PBXFileReference; fileEncoding = 4; lastKnownFileType = sourcecode.c.h; name = TimeServiceTimerUtility.h; path = ../../../../cpp/src/common/TimeServiceTimerUtility.h; sourceTree = "<group>"; };
		19375C8419FE634B00689ADD /* TimeServiceUtility.cc */ = {isa = PBXFileReference; fileEncoding = 4; lastKnownFileType = sourcecode.cpp.cpp; name = TimeServiceUtility.cc; path = ../../../../cpp/src/common/TimeServiceUtility.cc; sourceTree = "<group>"; };
		19375C8519FE634B00689ADD /* TimeServiceUtility.h */ = {isa = PBXFileReference; fileEncoding = 4; lastKnownFileType = sourcecode.c.h; name = TimeServiceUtility.h; path = ../../../../cpp/src/common/TimeServiceUtility.h; sourceTree = "<group>"; };
		19375C8619FE634B00689ADD /* Mutex.cc */ = {isa = PBXFileReference; fileEncoding = 4; lastKnownFileType = sourcecode.cpp.cpp; name = Mutex.cc; path = ../../../../cpp/src/common/Mutex.cc; sourceTree = "<group>"; };
		19375C8719FE634B00689ADD /* Mutex.h */ = {isa = PBXFileReference; fileEncoding = 4; lastKnownFileType = sourcecode.c.h; name = Mutex.h; path = ../../../../cpp/src/common/Mutex.h; sourceTree = "<group>"; };
		19375C8819FE634B00689ADD /* TimeServiceAlarmUtility.cc */ = {isa = PBXFileReference; fileEncoding = 4; lastKnownFileType = sourcecode.cpp.cpp; name = TimeServiceAlarmUtility.cc; path = ../../../../cpp/src/common/TimeServiceAlarmUtility.cc; sourceTree = "<group>"; };
		19375C8919FE634B00689ADD /* TimeServiceAlarmUtility.h */ = {isa = PBXFileReference; fileEncoding = 4; lastKnownFileType = sourcecode.c.h; name = TimeServiceAlarmUtility.h; path = ../../../../cpp/src/common/TimeServiceAlarmUtility.h; sourceTree = "<group>"; };
		19375C8A19FE634B00689ADD /* TimeServiceDate.cc */ = {isa = PBXFileReference; fileEncoding = 4; lastKnownFileType = sourcecode.cpp.cpp; name = TimeServiceDate.cc; path = ../../../../cpp/src/common/TimeServiceDate.cc; sourceTree = "<group>"; };
		19375C8B19FE634B00689ADD /* TimeServiceDateTime.cc */ = {isa = PBXFileReference; fileEncoding = 4; lastKnownFileType = sourcecode.cpp.cpp; name = TimeServiceDateTime.cc; path = ../../../../cpp/src/common/TimeServiceDateTime.cc; sourceTree = "<group>"; };
		19375C8C19FE634B00689ADD /* TimeServicePeriod.cc */ = {isa = PBXFileReference; fileEncoding = 4; lastKnownFileType = sourcecode.cpp.cpp; name = TimeServicePeriod.cc; path = ../../../../cpp/src/common/TimeServicePeriod.cc; sourceTree = "<group>"; };
		19375C8D19FE634B00689ADD /* TimeServiceSchedule.cc */ = {isa = PBXFileReference; fileEncoding = 4; lastKnownFileType = sourcecode.cpp.cpp; name = TimeServiceSchedule.cc; path = ../../../../cpp/src/common/TimeServiceSchedule.cc; sourceTree = "<group>"; };
		19375C8E19FE634B00689ADD /* TimeServiceTime.cc */ = {isa = PBXFileReference; fileEncoding = 4; lastKnownFileType = sourcecode.cpp.cpp; name = TimeServiceTime.cc; path = ../../../../cpp/src/common/TimeServiceTime.cc; sourceTree = "<group>"; };
		19375C9919FE636500689ADD /* TimerSignalHandler.cc */ = {isa = PBXFileReference; fileEncoding = 4; lastKnownFileType = sourcecode.cpp.cpp; name = TimerSignalHandler.cc; path = ../../../../cpp/src/client/TimerSignalHandler.cc; sourceTree = "<group>"; };
		19375C9A19FE636500689ADD /* TimeServiceClientTimerFactory.cc */ = {isa = PBXFileReference; fileEncoding = 4; lastKnownFileType = sourcecode.cpp.cpp; name = TimeServiceClientTimerFactory.cc; path = ../../../../cpp/src/client/TimeServiceClientTimerFactory.cc; sourceTree = "<group>"; };
		19375C9B19FE636500689ADD /* AlarmSignalHandler.cc */ = {isa = PBXFileReference; fileEncoding = 4; lastKnownFileType = sourcecode.cpp.cpp; name = AlarmSignalHandler.cc; path = ../../../../cpp/src/client/AlarmSignalHandler.cc; sourceTree = "<group>"; };
		19375C9C19FE636500689ADD /* AlarmSignalHandler.h */ = {isa = PBXFileReference; fileEncoding = 4; lastKnownFileType = sourcecode.c.h; name = AlarmSignalHandler.h; path = ../../../../cpp/src/client/AlarmSignalHandler.h; sourceTree = "<group>"; };
		19375C9D19FE636500689ADD /* TimeAuthoritySignalHandler.cc */ = {isa = PBXFileReference; fileEncoding = 4; lastKnownFileType = sourcecode.cpp.cpp; name = TimeAuthoritySignalHandler.cc; path = ../../../../cpp/src/client/TimeAuthoritySignalHandler.cc; sourceTree = "<group>"; };
		19375C9E19FE636500689ADD /* TimeAuthoritySignalHandler.h */ = {isa = PBXFileReference; fileEncoding = 4; lastKnownFileType = sourcecode.c.h; name = TimeAuthoritySignalHandler.h; path = ../../../../cpp/src/client/TimeAuthoritySignalHandler.h; sourceTree = "<group>"; };
		19375C9F19FE636500689ADD /* TimerSignalHandler.h */ = {isa = PBXFileReference; fileEncoding = 4; lastKnownFileType = sourcecode.c.h; name = TimerSignalHandler.h; path = ../../../../cpp/src/client/TimerSignalHandler.h; sourceTree = "<group>"; };
		19375CA019FE636500689ADD /* TimeServiceClient.cc */ = {isa = PBXFileReference; fileEncoding = 4; lastKnownFileType = sourcecode.cpp.cpp; name = TimeServiceClient.cc; path = ../../../../cpp/src/client/TimeServiceClient.cc; sourceTree = "<group>"; };
		19375CA119FE636500689ADD /* TimeServiceClientAlarm.cc */ = {isa = PBXFileReference; fileEncoding = 4; lastKnownFileType = sourcecode.cpp.cpp; name = TimeServiceClientAlarm.cc; path = ../../../../cpp/src/client/TimeServiceClientAlarm.cc; sourceTree = "<group>"; };
		19375CA219FE636500689ADD /* TimeServiceClientAlarmFactory.cc */ = {isa = PBXFileReference; fileEncoding = 4; lastKnownFileType = sourcecode.cpp.cpp; name = TimeServiceClientAlarmFactory.cc; path = ../../../../cpp/src/client/TimeServiceClientAlarmFactory.cc; sourceTree = "<group>"; };
		19375CA319FE636500689ADD /* TimeServiceClientBase.cc */ = {isa = PBXFileReference; fileEncoding = 4; lastKnownFileType = sourcecode.cpp.cpp; name = TimeServiceClientBase.cc; path = ../../../../cpp/src/client/TimeServiceClientBase.cc; sourceTree = "<group>"; };
		19375CA419FE636500689ADD /* TimeServiceClientClock.cc */ = {isa = PBXFileReference; fileEncoding = 4; lastKnownFileType = sourcecode.cpp.cpp; name = TimeServiceClientClock.cc; path = ../../../../cpp/src/client/TimeServiceClientClock.cc; sourceTree = "<group>"; };
		19375CA519FE636500689ADD /* TimeServiceClientTimer.cc */ = {isa = PBXFileReference; fileEncoding = 4; lastKnownFileType = sourcecode.cpp.cpp; name = TimeServiceClientTimer.cc; path = ../../../../cpp/src/client/TimeServiceClientTimer.cc; sourceTree = "<group>"; };
		19375CA619FE636500689ADD /* TimeServiceIntrospectionNode.cc */ = {isa = PBXFileReference; fileEncoding = 4; lastKnownFileType = sourcecode.cpp.cpp; name = TimeServiceIntrospectionNode.cc; path = ../../../../cpp/src/client/TimeServiceIntrospectionNode.cc; sourceTree = "<group>"; };
		19375CA719FE636500689ADD /* TimeServiceIntrospectionNode.h */ = {isa = PBXFileReference; fileEncoding = 4; lastKnownFileType = sourcecode.c.h; name = TimeServiceIntrospectionNode.h; path = ../../../../cpp/src/client/TimeServiceIntrospectionNode.h; sourceTree = "<group>"; };
		19375CA819FE636500689ADD /* TimeServiceObjectIntrospector.cc */ = {isa = PBXFileReference; fileEncoding = 4; lastKnownFileType = sourcecode.cpp.cpp; name = TimeServiceObjectIntrospector.cc; path = ../../../../cpp/src/client/TimeServiceObjectIntrospector.cc; sourceTree = "<group>"; };
		19375CA919FE636500689ADD /* TimeServiceSessionHandler.cc */ = {isa = PBXFileReference; fileEncoding = 4; lastKnownFileType = sourcecode.cpp.cpp; name = TimeServiceSessionHandler.cc; path = ../../../../cpp/src/client/TimeServiceSessionHandler.cc; sourceTree = "<group>"; };
		19375CAA19FE636500689ADD /* TimeServiceSessionHandler.h */ = {isa = PBXFileReference; fileEncoding = 4; lastKnownFileType = sourcecode.c.h; name = TimeServiceSessionHandler.h; path = ../../../../cpp/src/client/TimeServiceSessionHandler.h; sourceTree = "<group>"; };
		19375CAB19FE636500689ADD /* TimeServiceSessionListener.cc */ = {isa = PBXFileReference; fileEncoding = 4; lastKnownFileType = sourcecode.cpp.cpp; name = TimeServiceSessionListener.cc; path = ../../../../cpp/src/client/TimeServiceSessionListener.cc; sourceTree = "<group>"; };
		19375CBA19FE638300689ADD /* libxml2.2.dylib */ = {isa = PBXFileReference; lastKnownFileType = "compiled.mach-o.dylib"; name = libxml2.2.dylib; path = usr/lib/libxml2.2.dylib; sourceTree = SDKROOT; };
		19375CBB19FE638300689ADD /* libxml2.dylib */ = {isa = PBXFileReference; lastKnownFileType = "compiled.mach-o.dylib"; name = libxml2.dylib; path = usr/lib/libxml2.dylib; sourceTree = SDKROOT; };
		9AB9CDD218547B37004660C5 /* liballjoyn_time_cpp.a */ = {isa = PBXFileReference; explicitFileType = archive.ar; includeInIndex = 0; path = liballjoyn_time_cpp.a; sourceTree = BUILT_PRODUCTS_DIR; };
		9AB9CDD518547B37004660C5 /* Foundation.framework */ = {isa = PBXFileReference; lastKnownFileType = wrapper.framework; name = Foundation.framework; path = System/Library/Frameworks/Foundation.framework; sourceTree = SDKROOT; };
		9AB9CDD918547B37004660C5 /* alljoyn_time_cpp-Prefix.pch */ = {isa = PBXFileReference; lastKnownFileType = sourcecode.c.h; path = "alljoyn_time_cpp-Prefix.pch"; sourceTree = "<group>"; };
		9AB9CDE318547B37004660C5 /* XCTest.framework */ = {isa = PBXFileReference; lastKnownFileType = wrapper.framework; name = XCTest.framework; path = Library/Frameworks/XCTest.framework; sourceTree = DEVELOPER_DIR; };
		9AB9CDE618547B37004660C5 /* UIKit.framework */ = {isa = PBXFileReference; lastKnownFileType = wrapper.framework; name = UIKit.framework; path = Library/Frameworks/UIKit.framework; sourceTree = DEVELOPER_DIR; };
/* End PBXFileReference section */

/* Begin PBXFrameworksBuildPhase section */
		9AB9CDCF18547B37004660C5 /* Frameworks */ = {
			isa = PBXFrameworksBuildPhase;
			buildActionMask = 2147483647;
			files = (
				19375CBC19FE638300689ADD /* libxml2.2.dylib in Frameworks */,
				19375CBD19FE638300689ADD /* libxml2.dylib in Frameworks */,
				9AB9CDD618547B37004660C5 /* Foundation.framework in Frameworks */,
			);
			runOnlyForDeploymentPostprocessing = 0;
		};
/* End PBXFrameworksBuildPhase section */

/* Begin PBXGroup section */
		19375C5C19FE62F400689ADD /* client */ = {
			isa = PBXGroup;
			children = (
				19375C9919FE636500689ADD /* TimerSignalHandler.cc */,
				19375C9A19FE636500689ADD /* TimeServiceClientTimerFactory.cc */,
				19375C9B19FE636500689ADD /* AlarmSignalHandler.cc */,
				19375C9C19FE636500689ADD /* AlarmSignalHandler.h */,
				19375C9D19FE636500689ADD /* TimeAuthoritySignalHandler.cc */,
				19375C9E19FE636500689ADD /* TimeAuthoritySignalHandler.h */,
				19375C9F19FE636500689ADD /* TimerSignalHandler.h */,
				19375CA019FE636500689ADD /* TimeServiceClient.cc */,
				19375CA119FE636500689ADD /* TimeServiceClientAlarm.cc */,
				19375CA219FE636500689ADD /* TimeServiceClientAlarmFactory.cc */,
				19375CA319FE636500689ADD /* TimeServiceClientBase.cc */,
				19375CA419FE636500689ADD /* TimeServiceClientClock.cc */,
				19375CA519FE636500689ADD /* TimeServiceClientTimer.cc */,
				19375CA619FE636500689ADD /* TimeServiceIntrospectionNode.cc */,
				19375CA719FE636500689ADD /* TimeServiceIntrospectionNode.h */,
				19375CA819FE636500689ADD /* TimeServiceObjectIntrospector.cc */,
				19375CA919FE636500689ADD /* TimeServiceSessionHandler.cc */,
				19375CAA19FE636500689ADD /* TimeServiceSessionHandler.h */,
				19375CAB19FE636500689ADD /* TimeServiceSessionListener.cc */,
			);
			name = client;
			sourceTree = "<group>";
		};
		19375C5D19FE630D00689ADD /* common */ = {
			isa = PBXGroup;
			children = (
				19375C8019FE634B00689ADD /* TimeServiceClockUtility.cc */,
				19375C8119FE634B00689ADD /* TimeServiceClockUtility.h */,
				19375C8219FE634B00689ADD /* TimeServiceTimerUtility.cc */,
				19375C8319FE634B00689ADD /* TimeServiceTimerUtility.h */,
				19375C8419FE634B00689ADD /* TimeServiceUtility.cc */,
				19375C8519FE634B00689ADD /* TimeServiceUtility.h */,
				19375C8619FE634B00689ADD /* Mutex.cc */,
				19375C8719FE634B00689ADD /* Mutex.h */,
				19375C8819FE634B00689ADD /* TimeServiceAlarmUtility.cc */,
				19375C8919FE634B00689ADD /* TimeServiceAlarmUtility.h */,
				19375C8A19FE634B00689ADD /* TimeServiceDate.cc */,
				19375C8B19FE634B00689ADD /* TimeServiceDateTime.cc */,
				19375C8C19FE634B00689ADD /* TimeServicePeriod.cc */,
				19375C8D19FE634B00689ADD /* TimeServiceSchedule.cc */,
				19375C8E19FE634B00689ADD /* TimeServiceTime.cc */,
			);
			name = common;
			sourceTree = "<group>";
		};
		19375C5E19FE631400689ADD /* server */ = {
			isa = PBXGroup;
			children = (
				19375C5F19FE633100689ADD /* TimeServiceAlarmBusObj.cc */,
				19375C6019FE633100689ADD /* TimeServiceAlarmFactoryBusObj.cc */,
				19375C6119FE633100689ADD /* TimeServiceAuthorityClockBusObj.cc */,
				19375C6219FE633100689ADD /* TimeServiceAuthorityClockBusObj.h */,
				19375C6319FE633100689ADD /* TimeServiceClockBusObj.h */,
				19375C6419FE633100689ADD /* TimeServiceServer.cc */,
				19375C6519FE633100689ADD /* TimeServiceServerTimer.cc */,
				19375C6619FE633100689ADD /* TimeServiceServerTimerFactory.cc */,
				19375C6719FE633100689ADD /* TimeServiceTimerBusObj.cc */,
				19375C6819FE633100689ADD /* TimeServiceTimerFactoryBusObj.cc */,
				19375C6919FE633100689ADD /* TimeServiceTimerFactoryBusObj.h */,
				19375C6A19FE633100689ADD /* TimeServiceAlarmFactoryBusObj.h */,
				19375C6B19FE633100689ADD /* TimeServiceClockBusObj.cc */,
				19375C6C19FE633100689ADD /* TimeServiceGlobalStringSequencer.cc */,
				19375C6D19FE633100689ADD /* TimeServiceGlobalStringSequencer.h */,
				19375C6E19FE633100689ADD /* TimeServiceServerAlarm.cc */,
				19375C6F19FE633100689ADD /* TimeServiceServerAlarmFactory.cc */,
				19375C7019FE633100689ADD /* TimeServiceServerAuthorityClock.cc */,
				19375C7119FE633100689ADD /* TimeServiceServerClock.cc */,
			);
			name = server;
			sourceTree = "<group>";
		};
		196BC68918608BF200049F52 /* time */ = {
			isa = PBXGroup;
			children = (
				196BC68A18608BFA00049F52 /* cpp */,
			);
			name = time;
			sourceTree = "<group>";
		};
		196BC68A18608BFA00049F52 /* cpp */ = {
			isa = PBXGroup;
			children = (
				196BC68E18608C1900049F52 /* src */,
				196BC68B18608C0300049F52 /* inc */,
			);
			name = cpp;
			sourceTree = "<group>";
		};
		196BC68B18608C0300049F52 /* inc */ = {
			isa = PBXGroup;
			children = (
				196BC68C18608C0B00049F52 /* alljoyn */,
			);
			name = inc;
			sourceTree = "<group>";
		};
		196BC68C18608C0B00049F52 /* alljoyn */ = {
			isa = PBXGroup;
			children = (
				196BC68D18608C1200049F52 /* time */,
			);
			name = alljoyn;
			sourceTree = "<group>";
		};
		196BC68D18608C1200049F52 /* time */ = {
			isa = PBXGroup;
			children = (
				19375C4219FE62E800689ADD /* LogModule.h */,
				19375C4319FE62E800689ADD /* TimeServiceClientTimerFactory.h */,
				19375C4419FE62E800689ADD /* TimeServiceAlarmBusObj.h */,
				19375C4519FE62E800689ADD /* TimeServiceClient.h */,
				19375C4619FE62E800689ADD /* TimeServiceClientAlarm.h */,
				19375C4719FE62E800689ADD /* TimeServiceClientAlarmFactory.h */,
				19375C4819FE62E800689ADD /* TimeServiceClientBase.h */,
				19375C4919FE62E800689ADD /* TimeServiceClientClock.h */,
				19375C4A19FE62E800689ADD /* TimeServiceClientTimer.h */,
				19375C4B19FE62E800689ADD /* TimeServiceConstants.h */,
				19375C4C19FE62E800689ADD /* TimeServiceObjectIntrospector.h */,
				19375C4D19FE62E800689ADD /* TimeServiceServer.h */,
				19375C4E19FE62E800689ADD /* TimeServiceServerAlarm.h */,
				19375C4F19FE62E800689ADD /* TimeServiceServerAuthorityClock.h */,
				19375C5019FE62E800689ADD /* TimeServiceServerClock.h */,
				19375C5119FE62E800689ADD /* TimeServiceServerTimer.h */,
				19375C5219FE62E800689ADD /* TimeServiceServerTimerFactory.h */,
				19375C5319FE62E800689ADD /* TimeServiceSessionListener.h */,
				19375C5519FE62E800689ADD /* TimeServiceTimerBusObj.h */,
				19375C5619FE62E800689ADD /* TimeServiceDate.h */,
				19375C5719FE62E800689ADD /* TimeServiceDateTime.h */,
				19375C5819FE62E800689ADD /* TimeServicePeriod.h */,
				19375C5919FE62E800689ADD /* TimeServiceSchedule.h */,
				19375C5A19FE62E800689ADD /* TimeServiceServerAlarmFactory.h */,
				19375C5B19FE62E800689ADD /* TimeServiceTime.h */,
			);
			name = time;
			sourceTree = "<group>";
		};
		196BC68E18608C1900049F52 /* src */ = {
			isa = PBXGroup;
			children = (
				19375C5E19FE631400689ADD /* server */,
				19375C5D19FE630D00689ADD /* common */,
				19375C5C19FE62F400689ADD /* client */,
			);
			name = src;
			sourceTree = "<group>";
		};
		9AB9CDC918547B37004660C5 = {
			isa = PBXGroup;
			children = (
				9AB9CDD718547B37004660C5 /* alljoyn_services_cpp */,
				9AB9CDD418547B37004660C5 /* Frameworks */,
				9AB9CDD318547B37004660C5 /* Products */,
			);
			sourceTree = "<group>";
		};
		9AB9CDD318547B37004660C5 /* Products */ = {
			isa = PBXGroup;
			children = (
				9AB9CDD218547B37004660C5 /* liballjoyn_time_cpp.a */,
			);
			name = Products;
			sourceTree = "<group>";
		};
		9AB9CDD418547B37004660C5 /* Frameworks */ = {
			isa = PBXGroup;
			children = (
				19375CBA19FE638300689ADD /* libxml2.2.dylib */,
				19375CBB19FE638300689ADD /* libxml2.dylib */,
				9AB9CDD518547B37004660C5 /* Foundation.framework */,
				9AB9CDE318547B37004660C5 /* XCTest.framework */,
				9AB9CDE618547B37004660C5 /* UIKit.framework */,
			);
			name = Frameworks;
			sourceTree = "<group>";
		};
		9AB9CDD718547B37004660C5 /* alljoyn_services_cpp */ = {
			isa = PBXGroup;
			children = (
				196BC68918608BF200049F52 /* time */,
				9AB9CDD818547B37004660C5 /* Supporting Files */,
			);
			path = alljoyn_services_cpp;
			sourceTree = "<group>";
		};
		9AB9CDD818547B37004660C5 /* Supporting Files */ = {
			isa = PBXGroup;
			children = (
				9AB9CDD918547B37004660C5 /* alljoyn_time_cpp-Prefix.pch */,
			);
			name = "Supporting Files";
			sourceTree = "<group>";
		};
/* End PBXGroup section */

/* Begin PBXNativeTarget section */
		9AB9CDD118547B37004660C5 /* alljoyn_time_cpp */ = {
			isa = PBXNativeTarget;
			buildConfigurationList = 9AB9CDF518547B37004660C5 /* Build configuration list for PBXNativeTarget "alljoyn_time_cpp" */;
			buildPhases = (
				9AB9CDCE18547B37004660C5 /* Sources */,
				9AB9CDCF18547B37004660C5 /* Frameworks */,
				9AB9CDD018547B37004660C5 /* Copy Files */,
				9AA93A7C1855C1B200378361 /* CopyFiles */,
				9AA93A7F1855C1F600378361 /* CopyFiles */,
			);
			buildRules = (
			);
			dependencies = (
			);
			name = alljoyn_time_cpp;
			productName = alljoyn_services_cpp;
			productReference = 9AB9CDD218547B37004660C5 /* liballjoyn_time_cpp.a */;
			productType = "com.apple.product-type.library.static";
		};
/* End PBXNativeTarget section */

/* Begin PBXProject section */
		9AB9CDCA18547B37004660C5 /* Project object */ = {
			isa = PBXProject;
			attributes = {
				LastUpgradeCheck = 0610;
				ORGANIZATIONNAME = AllJoyn;
			};
			buildConfigurationList = 9AB9CDCD18547B37004660C5 /* Build configuration list for PBXProject "alljoyn_time_cpp" */;
			compatibilityVersion = "Xcode 3.2";
			developmentRegion = English;
			hasScannedForEncodings = 0;
			knownRegions = (
				en,
			);
			mainGroup = 9AB9CDC918547B37004660C5;
			productRefGroup = 9AB9CDD318547B37004660C5 /* Products */;
			projectDirPath = "";
			projectRoot = "";
			targets = (
				9AB9CDD118547B37004660C5 /* alljoyn_time_cpp */,
			);
		};
/* End PBXProject section */

/* Begin PBXSourcesBuildPhase section */
		9AB9CDCE18547B37004660C5 /* Sources */ = {
			isa = PBXSourcesBuildPhase;
			buildActionMask = 2147483647;
			files = (
				19375C7D19FE633100689ADD /* TimeServiceServerAlarmFactory.cc in Sources */,
				19375CAF19FE636500689ADD /* TimeAuthoritySignalHandler.cc in Sources */,
				19375C7A19FE633100689ADD /* TimeServiceClockBusObj.cc in Sources */,
				19375CAE19FE636500689ADD /* AlarmSignalHandler.cc in Sources */,
				19375C7F19FE633100689ADD /* TimeServiceServerClock.cc in Sources */,
				19375C9019FE634B00689ADD /* TimeServiceTimerUtility.cc in Sources */,
				19375CB319FE636500689ADD /* TimeServiceClientBase.cc in Sources */,
				19375CB419FE636500689ADD /* TimeServiceClientClock.cc in Sources */,
				19375C7319FE633100689ADD /* TimeServiceAlarmFactoryBusObj.cc in Sources */,
				19375C8F19FE634B00689ADD /* TimeServiceClockUtility.cc in Sources */,
				19375CAD19FE636500689ADD /* TimeServiceClientTimerFactory.cc in Sources */,
				19375C7219FE633100689ADD /* TimeServiceAlarmBusObj.cc in Sources */,
				19375C7719FE633100689ADD /* TimeServiceServerTimerFactory.cc in Sources */,
				19375CB019FE636500689ADD /* TimeServiceClient.cc in Sources */,
				19375C9719FE634B00689ADD /* TimeServiceSchedule.cc in Sources */,
				19375C7B19FE633100689ADD /* TimeServiceGlobalStringSequencer.cc in Sources */,
				19375C7419FE633100689ADD /* TimeServiceAuthorityClockBusObj.cc in Sources */,
				19375CB619FE636500689ADD /* TimeServiceIntrospectionNode.cc in Sources */,
				19375C7919FE633100689ADD /* TimeServiceTimerFactoryBusObj.cc in Sources */,
				19375C9619FE634B00689ADD /* TimeServicePeriod.cc in Sources */,
				19375C9819FE634B00689ADD /* TimeServiceTime.cc in Sources */,
				19375CB919FE636500689ADD /* TimeServiceSessionListener.cc in Sources */,
				19375C9119FE634B00689ADD /* TimeServiceUtility.cc in Sources */,
				19375C7619FE633100689ADD /* TimeServiceServerTimer.cc in Sources */,
				19375CAC19FE636500689ADD /* TimerSignalHandler.cc in Sources */,
				19375CB119FE636500689ADD /* TimeServiceClientAlarm.cc in Sources */,
				19375C9219FE634B00689ADD /* Mutex.cc in Sources */,
				19375CB719FE636500689ADD /* TimeServiceObjectIntrospector.cc in Sources */,
				19375C9319FE634B00689ADD /* TimeServiceAlarmUtility.cc in Sources */,
				19375C7C19FE633100689ADD /* TimeServiceServerAlarm.cc in Sources */,
				19375C9419FE634B00689ADD /* TimeServiceDate.cc in Sources */,
				19375C7519FE633100689ADD /* TimeServiceServer.cc in Sources */,
				19375C7E19FE633100689ADD /* TimeServiceServerAuthorityClock.cc in Sources */,
				19375C7819FE633100689ADD /* TimeServiceTimerBusObj.cc in Sources */,
				19375CB519FE636500689ADD /* TimeServiceClientTimer.cc in Sources */,
				19375C9519FE634B00689ADD /* TimeServiceDateTime.cc in Sources */,
				19375CB219FE636500689ADD /* TimeServiceClientAlarmFactory.cc in Sources */,
				19375CB819FE636500689ADD /* TimeServiceSessionHandler.cc in Sources */,
			);
			runOnlyForDeploymentPostprocessing = 0;
		};
/* End PBXSourcesBuildPhase section */

/* Begin XCBuildConfiguration section */
		9AB9CDF318547B37004660C5 /* Debug */ = {
			isa = XCBuildConfiguration;
			buildSettings = {
				ALWAYS_SEARCH_USER_PATHS = NO;
				CLANG_CXX_LANGUAGE_STANDARD = "gnu++0x";
				CLANG_CXX_LIBRARY = "libc++";
				CLANG_ENABLE_MODULES = YES;
				CLANG_ENABLE_OBJC_ARC = YES;
				CLANG_WARN_BOOL_CONVERSION = YES;
				CLANG_WARN_CONSTANT_CONVERSION = YES;
				CLANG_WARN_DIRECT_OBJC_ISA_USAGE = YES_ERROR;
				CLANG_WARN_EMPTY_BODY = YES;
				CLANG_WARN_ENUM_CONVERSION = YES;
				CLANG_WARN_INT_CONVERSION = YES;
				CLANG_WARN_OBJC_ROOT_CLASS = YES_ERROR;
				CLANG_WARN__DUPLICATE_METHOD_MATCH = YES;
				COPY_PHASE_STRIP = NO;
				GCC_C_LANGUAGE_STANDARD = gnu99;
				GCC_DYNAMIC_NO_PIC = NO;
				GCC_OPTIMIZATION_LEVEL = 0;
				GCC_PREPROCESSOR_DEFINITIONS = (
					"DEBUG=1",
					"$(inherited)",
				);
				GCC_SYMBOLS_PRIVATE_EXTERN = NO;
				GCC_WARN_64_TO_32_BIT_CONVERSION = YES;
				GCC_WARN_ABOUT_RETURN_TYPE = YES_ERROR;
				GCC_WARN_UNDECLARED_SELECTOR = YES;
				GCC_WARN_UNINITIALIZED_AUTOS = YES;
				GCC_WARN_UNUSED_FUNCTION = YES;
				GCC_WARN_UNUSED_VARIABLE = YES;
				IPHONEOS_DEPLOYMENT_TARGET = 7.0;
				ONLY_ACTIVE_ARCH = YES;
				SDKROOT = iphoneos;
			};
			name = Debug;
		};
		9AB9CDF418547B37004660C5 /* Release */ = {
			isa = XCBuildConfiguration;
			buildSettings = {
				ALWAYS_SEARCH_USER_PATHS = NO;
				CLANG_CXX_LANGUAGE_STANDARD = "gnu++0x";
				CLANG_CXX_LIBRARY = "libc++";
				CLANG_ENABLE_MODULES = YES;
				CLANG_ENABLE_OBJC_ARC = YES;
				CLANG_WARN_BOOL_CONVERSION = YES;
				CLANG_WARN_CONSTANT_CONVERSION = YES;
				CLANG_WARN_DIRECT_OBJC_ISA_USAGE = YES_ERROR;
				CLANG_WARN_EMPTY_BODY = YES;
				CLANG_WARN_ENUM_CONVERSION = YES;
				CLANG_WARN_INT_CONVERSION = YES;
				CLANG_WARN_OBJC_ROOT_CLASS = YES_ERROR;
				CLANG_WARN__DUPLICATE_METHOD_MATCH = YES;
				COPY_PHASE_STRIP = YES;
				ENABLE_NS_ASSERTIONS = NO;
				GCC_C_LANGUAGE_STANDARD = gnu99;
				GCC_WARN_64_TO_32_BIT_CONVERSION = YES;
				GCC_WARN_ABOUT_RETURN_TYPE = YES_ERROR;
				GCC_WARN_UNDECLARED_SELECTOR = YES;
				GCC_WARN_UNINITIALIZED_AUTOS = YES;
				GCC_WARN_UNUSED_FUNCTION = YES;
				GCC_WARN_UNUSED_VARIABLE = YES;
				IPHONEOS_DEPLOYMENT_TARGET = 7.0;
				SDKROOT = iphoneos;
				VALIDATE_PRODUCT = YES;
			};
			name = Release;
		};
		9AB9CDF618547B37004660C5 /* Debug */ = {
			isa = XCBuildConfiguration;
			buildSettings = {
				ALWAYS_SEARCH_USER_PATHS = YES;
				CLANG_CXX_LANGUAGE_STANDARD = "compiler-default";
				CLANG_CXX_LIBRARY = "compiler-default";
				CLANG_ENABLE_MODULES = YES;
				CLANG_WARN_DIRECT_OBJC_ISA_USAGE = YES;
				DSTROOT = /tmp/alljoyn_services_cpp.dst;
				GCC_C_LANGUAGE_STANDARD = "compiler-default";
				GCC_ENABLE_CPP_EXCEPTIONS = NO;
				GCC_ENABLE_CPP_RTTI = NO;
				GCC_PRECOMPILE_PREFIX_HEADER = YES;
				GCC_PREFIX_HEADER = "alljoyn_services_cpp/alljoyn_time_cpp-Prefix.pch";
				GCC_WARN_ABOUT_RETURN_TYPE = YES;
				HEADER_SEARCH_PATHS = (
					"\"$(ALLJOYN_SDK_ROOT)/build/darwin/arm/$(PLATFORM_NAME)/$(CONFIGURATION)/dist/cpp/inc/\"",
					"$(inherited)",
					"\"$(ALLSEEN_BASE_SERVICES_ROOT)/time/cpp/inc\"",
					"\"$(ALLJOYN_SDK_ROOT)/services/about/cpp/inc\"",
					"\"$(ALLSEEN_BASE_SERVICES_ROOT)/services_common/cpp/inc\"",
					"\"/usr/include/libxml2\"",
				);
				IPHONEOS_DEPLOYMENT_TARGET = 7.0;
				LIBRARY_SEARCH_PATHS = "";
				ONLY_ACTIVE_ARCH = NO;
				OTHER_CFLAGS = (
					"-DQCC_OS_GROUP_POSIX",
					"-DQCC_OS_DARWIN",
					"-DUSE_SAMPLE_LOGGER",
				);
				OTHER_LDFLAGS = "-ObjC";
				PRODUCT_NAME = alljoyn_time_cpp;
				SKIP_INSTALL = YES;
				VALID_ARCHS = "armv7 armv7s i386";
			};
			name = Debug;
		};
		9AB9CDF718547B37004660C5 /* Release */ = {
			isa = XCBuildConfiguration;
			buildSettings = {
				ALWAYS_SEARCH_USER_PATHS = YES;
				CLANG_CXX_LANGUAGE_STANDARD = "compiler-default";
				CLANG_CXX_LIBRARY = "compiler-default";
				CLANG_ENABLE_MODULES = YES;
				CLANG_WARN_DIRECT_OBJC_ISA_USAGE = YES;
				DSTROOT = /tmp/alljoyn_services_cpp.dst;
				GCC_C_LANGUAGE_STANDARD = "compiler-default";
				GCC_ENABLE_CPP_EXCEPTIONS = NO;
				GCC_ENABLE_CPP_RTTI = NO;
				GCC_PRECOMPILE_PREFIX_HEADER = YES;
				GCC_PREFIX_HEADER = "alljoyn_services_cpp/alljoyn_time_cpp-Prefix.pch";
				GCC_WARN_ABOUT_RETURN_TYPE = YES;
				HEADER_SEARCH_PATHS = (
					"\"$(ALLJOYN_SDK_ROOT)/build/darwin/arm/$(PLATFORM_NAME)/$(CONFIGURATION)/dist/cpp/inc/\"",
					"$(inherited)",
					"\"$(ALLSEEN_BASE_SERVICES_ROOT)/time/cpp/inc\"",
					"\"$(ALLJOYN_SDK_ROOT)/services/about/cpp/inc\"",
					"\"$(ALLSEEN_BASE_SERVICES_ROOT)/services_common/cpp/inc\"",
					"\"/usr/include/libxml2\"",
				);
				IPHONEOS_DEPLOYMENT_TARGET = 7.0;
				LIBRARY_SEARCH_PATHS = "";
				OTHER_CFLAGS = (
					"-DQCC_OS_GROUP_POSIX",
					"-DQCC_OS_DARWIN",
					"-DUSE_SAMPLE_LOGGER",
				);
				OTHER_LDFLAGS = "-ObjC";
				PRODUCT_NAME = alljoyn_time_cpp;
				SKIP_INSTALL = YES;
				VALID_ARCHS = "armv7 armv7s i386";
			};
			name = Release;
		};
/* End XCBuildConfiguration section */

/* Begin XCConfigurationList section */
		9AB9CDCD18547B37004660C5 /* Build configuration list for PBXProject "alljoyn_time_cpp" */ = {
			isa = XCConfigurationList;
			buildConfigurations = (
				9AB9CDF318547B37004660C5 /* Debug */,
				9AB9CDF418547B37004660C5 /* Release */,
			);
			defaultConfigurationIsVisible = 0;
			defaultConfigurationName = Release;
		};
		9AB9CDF518547B37004660C5 /* Build configuration list for PBXNativeTarget "alljoyn_time_cpp" */ = {
			isa = XCConfigurationList;
			buildConfigurations = (
				9AB9CDF618547B37004660C5 /* Debug */,
				9AB9CDF718547B37004660C5 /* Release */,
			);
			defaultConfigurationIsVisible = 0;
			defaultConfigurationName = Release;
		};
/* End XCConfigurationList section */
	};
	rootObject = 9AB9CDCA18547B37004660C5 /* Project object */;
}
