// !$*UTF8*$!
{
	archiveVersion = 1;
	classes = {
	};
	objectVersion = 46;
	objects = {

/* Begin PBXBuildFile section */
		19375D3419FE66BD00689ADD /* liballjoyn_time_cpp.a in Frameworks */ = {isa = PBXBuildFile; fileRef = 19375D3219FE66BD00689ADD /* liballjoyn_time_cpp.a */; };
		19375D3519FE66BD00689ADD /* liballjoyn_time_objc.a in Frameworks */ = {isa = PBXBuildFile; fileRef = 19375D3319FE66BD00689ADD /* liballjoyn_time_objc.a */; };
		19375D3819FE678D00689ADD /* AppDelegate.m in Sources */ = {isa = PBXBuildFile; fileRef = 19375D3719FE678D00689ADD /* AppDelegate.m */; };
		19375D3B19FE679D00689ADD /* ViewController.m in Sources */ = {isa = PBXBuildFile; fileRef = 19375D3919FE679D00689ADD /* ViewController.m */; };
		19375D3D19FE67BC00689ADD /* main.m in Sources */ = {isa = PBXBuildFile; fileRef = 19375D3C19FE67BC00689ADD /* main.m */; };
		19375D4819FE6E0500689ADD /* TimeService-Info.plist in Resources */ = {isa = PBXBuildFile; fileRef = 19375D4719FE6E0500689ADD /* TimeService-Info.plist */; };
		19375D5219FE6E4800689ADD /* Default-568h@2x.png in Resources */ = {isa = PBXBuildFile; fileRef = 19375D4B19FE6E4800689ADD /* Default-568h@2x.png */; };
		19375D5319FE6E4800689ADD /* Default.png in Resources */ = {isa = PBXBuildFile; fileRef = 19375D4C19FE6E4800689ADD /* Default.png */; };
		19375D5419FE6E4800689ADD /* Default@2x.png in Resources */ = {isa = PBXBuildFile; fileRef = 19375D4D19FE6E4800689ADD /* Default@2x.png */; };
		19E2F04317E87CE10005851F /* UIKit.framework in Frameworks */ = {isa = PBXBuildFile; fileRef = 19E2F04217E87CE10005851F /* UIKit.framework */; };
		19E2F04517E87CE10005851F /* Foundation.framework in Frameworks */ = {isa = PBXBuildFile; fileRef = 19E2F04417E87CE10005851F /* Foundation.framework */; };
		19E2F04717E87CE10005851F /* CoreGraphics.framework in Frameworks */ = {isa = PBXBuildFile; fileRef = 19E2F04617E87CE10005851F /* CoreGraphics.framework */; };
		19E2F06917E88AF20005851F /* SystemConfiguration.framework in Frameworks */ = {isa = PBXBuildFile; fileRef = 19E2F06817E88AF20005851F /* SystemConfiguration.framework */; };
		19E2F06D17E88B030005851F /* libstdc++.6.0.9.dylib in Frameworks */ = {isa = PBXBuildFile; fileRef = 19E2F06A17E88B030005851F /* libstdc++.6.0.9.dylib */; };
		19E2F06E17E88B030005851F /* libstdc++.6.dylib in Frameworks */ = {isa = PBXBuildFile; fileRef = 19E2F06B17E88B030005851F /* libstdc++.6.dylib */; };
		19E2F06F17E88B030005851F /* libstdc++.dylib in Frameworks */ = {isa = PBXBuildFile; fileRef = 19E2F06C17E88B030005851F /* libstdc++.dylib */; };
		19E2F07417E88B120005851F /* libc++.dylib in Frameworks */ = {isa = PBXBuildFile; fileRef = 19E2F07117E88B120005851F /* libc++.dylib */; };
		19E2F07517E88B120005851F /* libc++abi.dylib in Frameworks */ = {isa = PBXBuildFile; fileRef = 19E2F07217E88B120005851F /* libc++abi.dylib */; };
		19EA46E51A1CC482009EF216 /* AuthenticationListenerImpl.m in Sources */ = {isa = PBXBuildFile; fileRef = 19EA46E31A1CC482009EF216 /* AuthenticationListenerImpl.m */; };
		19EA46E81A1CCCC8009EF216 /* SampleAlarm.m in Sources */ = {isa = PBXBuildFile; fileRef = 19EA46E71A1CCCC8009EF216 /* SampleAlarm.m */; };
		19EA46EB1A1CD587009EF216 /* SampleTimer.m in Sources */ = {isa = PBXBuildFile; fileRef = 19EA46EA1A1CD587009EF216 /* SampleTimer.m */; };
		9A3DB0C3183A0D2A0063D6BE /* MainStoryboard_iPhone.storyboard in Resources */ = {isa = PBXBuildFile; fileRef = 9A3DB00A183A0D290063D6BE /* MainStoryboard_iPhone.storyboard */; };
		9A3DB315183A19CB0063D6BE /* libc.dylib in Frameworks */ = {isa = PBXBuildFile; fileRef = 9A3DB314183A19CB0063D6BE /* libc.dylib */; };
		9A5B2F381A27329600505A46 /* liballjoyn_services_common_cpp.a in Frameworks */ = {isa = PBXBuildFile; fileRef = 9A5B2F371A27329600505A46 /* liballjoyn_services_common_cpp.a */; };
		9A5B2F3A1A2732B800505A46 /* libxml2.dylib in Frameworks */ = {isa = PBXBuildFile; fileRef = 9A5B2F391A2732B800505A46 /* libxml2.dylib */; };
		9AB9AC5B1A1B5BA400A236E3 /* SampleClock.m in Sources */ = {isa = PBXBuildFile; fileRef = 9AB9AC5A1A1B5BA400A236E3 /* SampleClock.m */; };
		9AB9AC5F1A1B69E100A236E3 /* CommonBusListener.m in Sources */ = {isa = PBXBuildFile; fileRef = 9AB9AC5E1A1B69E100A236E3 /* CommonBusListener.m */; };
		9AFAA9B51861EFFB00E9C4ED /* liballjoyn_about_cpp.a in Frameworks */ = {isa = PBXBuildFile; fileRef = 9AFAA9B21861EFFB00E9C4ED /* liballjoyn_about_cpp.a */; };
		9AFAA9B61861EFFB00E9C4ED /* liballjoyn_about_objc.a in Frameworks */ = {isa = PBXBuildFile; fileRef = 9AFAA9B31861EFFB00E9C4ED /* liballjoyn_about_objc.a */; };
		9AFAA9B71861EFFB00E9C4ED /* libAllJoynFramework_iOS.a in Frameworks */ = {isa = PBXBuildFile; fileRef = 9AFAA9B41861EFFB00E9C4ED /* libAllJoynFramework_iOS.a */; };
/* End PBXBuildFile section */

/* Begin PBXFileReference section */
		19375D3219FE66BD00689ADD /* liballjoyn_time_cpp.a */ = {isa = PBXFileReference; lastKnownFileType = archive.ar; name = liballjoyn_time_cpp.a; path = "../alljoyn_services_cpp/build/Debug-iphoneos/liballjoyn_time_cpp.a"; sourceTree = "<group>"; };
		19375D3319FE66BD00689ADD /* liballjoyn_time_objc.a */ = {isa = PBXFileReference; lastKnownFileType = archive.ar; name = liballjoyn_time_objc.a; path = "../alljoyn_services_objc/build/Debug-iphoneos/liballjoyn_time_objc.a"; sourceTree = "<group>"; };
		19375D3619FE678D00689ADD /* AppDelegate.h */ = {isa = PBXFileReference; fileEncoding = 4; lastKnownFileType = sourcecode.c.h; path = AppDelegate.h; sourceTree = SOURCE_ROOT; };
		19375D3719FE678D00689ADD /* AppDelegate.m */ = {isa = PBXFileReference; fileEncoding = 4; lastKnownFileType = sourcecode.c.objc; path = AppDelegate.m; sourceTree = SOURCE_ROOT; };
		19375D3919FE679D00689ADD /* ViewController.m */ = {isa = PBXFileReference; fileEncoding = 4; lastKnownFileType = sourcecode.c.objc; path = ViewController.m; sourceTree = "<group>"; };
		19375D3A19FE679D00689ADD /* ViewController.h */ = {isa = PBXFileReference; fileEncoding = 4; lastKnownFileType = sourcecode.c.h; path = ViewController.h; sourceTree = "<group>"; };
		19375D3C19FE67BC00689ADD /* main.m */ = {isa = PBXFileReference; fileEncoding = 4; lastKnownFileType = sourcecode.c.objc; path = main.m; sourceTree = SOURCE_ROOT; };
		19375D4319FE6BBD00689ADD /* liballjoyn_services_common_cpp.a */ = {isa = PBXFileReference; lastKnownFileType = archive.ar; name = liballjoyn_services_common_cpp.a; path = "../../../../../../../gitbackup/base/services_common/ios/samples/alljoyn_services_cpp/build/Debug-iphoneos/liballjoyn_services_common_cpp.a"; sourceTree = "<group>"; };
		19375D4419FE6BBD00689ADD /* liballjoyn_services_common_objc.a */ = {isa = PBXFileReference; lastKnownFileType = archive.ar; name = liballjoyn_services_common_objc.a; path = "../../../../../../../gitbackup/base/services_common/ios/samples/alljoyn_services_objc/build/Debug-iphoneos/liballjoyn_services_common_objc.a"; sourceTree = "<group>"; };
		19375D4719FE6E0500689ADD /* TimeService-Info.plist */ = {isa = PBXFileReference; fileEncoding = 4; lastKnownFileType = text.plist.xml; path = "TimeService-Info.plist"; sourceTree = SOURCE_ROOT; };
		19375D4B19FE6E4800689ADD /* Default-568h@2x.png */ = {isa = PBXFileReference; lastKnownFileType = image.png; name = "Default-568h@2x.png"; path = "TimeService/Default-568h@2x.png"; sourceTree = SOURCE_ROOT; };
		19375D4C19FE6E4800689ADD /* Default.png */ = {isa = PBXFileReference; lastKnownFileType = image.png; name = Default.png; path = TimeService/Default.png; sourceTree = SOURCE_ROOT; };
		19375D4D19FE6E4800689ADD /* Default@2x.png */ = {isa = PBXFileReference; lastKnownFileType = image.png; name = "Default@2x.png"; path = "TimeService/Default@2x.png"; sourceTree = SOURCE_ROOT; };
		19E2F03F17E87CE10005851F /* TimeService.app */ = {isa = PBXFileReference; explicitFileType = wrapper.application; includeInIndex = 0; path = TimeService.app; sourceTree = BUILT_PRODUCTS_DIR; };
		19E2F04217E87CE10005851F /* UIKit.framework */ = {isa = PBXFileReference; lastKnownFileType = wrapper.framework; name = UIKit.framework; path = System/Library/Frameworks/UIKit.framework; sourceTree = SDKROOT; };
		19E2F04417E87CE10005851F /* Foundation.framework */ = {isa = PBXFileReference; lastKnownFileType = wrapper.framework; name = Foundation.framework; path = System/Library/Frameworks/Foundation.framework; sourceTree = SDKROOT; };
		19E2F04617E87CE10005851F /* CoreGraphics.framework */ = {isa = PBXFileReference; lastKnownFileType = wrapper.framework; name = CoreGraphics.framework; path = System/Library/Frameworks/CoreGraphics.framework; sourceTree = SDKROOT; };
		19E2F06817E88AF20005851F /* SystemConfiguration.framework */ = {isa = PBXFileReference; lastKnownFileType = wrapper.framework; name = SystemConfiguration.framework; path = System/Library/Frameworks/SystemConfiguration.framework; sourceTree = SDKROOT; };
		19E2F06A17E88B030005851F /* libstdc++.6.0.9.dylib */ = {isa = PBXFileReference; lastKnownFileType = "compiled.mach-o.dylib"; name = "libstdc++.6.0.9.dylib"; path = "usr/lib/libstdc++.6.0.9.dylib"; sourceTree = SDKROOT; };
		19E2F06B17E88B030005851F /* libstdc++.6.dylib */ = {isa = PBXFileReference; lastKnownFileType = "compiled.mach-o.dylib"; name = "libstdc++.6.dylib"; path = "usr/lib/libstdc++.6.dylib"; sourceTree = SDKROOT; };
		19E2F06C17E88B030005851F /* libstdc++.dylib */ = {isa = PBXFileReference; lastKnownFileType = "compiled.mach-o.dylib"; name = "libstdc++.dylib"; path = "usr/lib/libstdc++.dylib"; sourceTree = SDKROOT; };
		19E2F07017E88B120005851F /* libc++.1.dylib */ = {isa = PBXFileReference; lastKnownFileType = "compiled.mach-o.dylib"; name = "libc++.1.dylib"; path = "usr/lib/libc++.1.dylib"; sourceTree = SDKROOT; };
		19E2F07117E88B120005851F /* libc++.dylib */ = {isa = PBXFileReference; lastKnownFileType = "compiled.mach-o.dylib"; name = "libc++.dylib"; path = "usr/lib/libc++.dylib"; sourceTree = SDKROOT; };
		19E2F07217E88B120005851F /* libc++abi.dylib */ = {isa = PBXFileReference; lastKnownFileType = "compiled.mach-o.dylib"; name = "libc++abi.dylib"; path = "usr/lib/libc++abi.dylib"; sourceTree = SDKROOT; };
		19EA46E31A1CC482009EF216 /* AuthenticationListenerImpl.m */ = {isa = PBXFileReference; fileEncoding = 4; lastKnownFileType = sourcecode.c.objc; path = AuthenticationListenerImpl.m; sourceTree = "<group>"; };
		19EA46E41A1CC482009EF216 /* AuthenticationListenerImpl.h */ = {isa = PBXFileReference; fileEncoding = 4; lastKnownFileType = sourcecode.c.h; path = AuthenticationListenerImpl.h; sourceTree = "<group>"; };
		19EA46E61A1CCCC8009EF216 /* SampleAlarm.h */ = {isa = PBXFileReference; fileEncoding = 4; lastKnownFileType = sourcecode.c.h; path = SampleAlarm.h; sourceTree = "<group>"; };
		19EA46E71A1CCCC8009EF216 /* SampleAlarm.m */ = {isa = PBXFileReference; fileEncoding = 4; lastKnownFileType = sourcecode.c.objc; path = SampleAlarm.m; sourceTree = "<group>"; };
		19EA46E91A1CD587009EF216 /* SampleTimer.h */ = {isa = PBXFileReference; fileEncoding = 4; lastKnownFileType = sourcecode.c.h; path = SampleTimer.h; sourceTree = "<group>"; };
		19EA46EA1A1CD587009EF216 /* SampleTimer.m */ = {isa = PBXFileReference; fileEncoding = 4; lastKnownFileType = sourcecode.c.objc; path = SampleTimer.m; sourceTree = "<group>"; };
		9A3DAFFC183A0D290063D6BE /* TimeService-Prefix.pch */ = {isa = PBXFileReference; fileEncoding = 4; lastKnownFileType = sourcecode.c.h; path = "TimeService-Prefix.pch"; sourceTree = "<group>"; };
		9A3DB00A183A0D290063D6BE /* MainStoryboard_iPhone.storyboard */ = {isa = PBXFileReference; fileEncoding = 4; lastKnownFileType = file.storyboard; path = MainStoryboard_iPhone.storyboard; sourceTree = "<group>"; };
		9A3DB314183A19CB0063D6BE /* libc.dylib */ = {isa = PBXFileReference; lastKnownFileType = "compiled.mach-o.dylib"; name = libc.dylib; path = usr/lib/libc.dylib; sourceTree = SDKROOT; };
		9A5B2F371A27329600505A46 /* liballjoyn_services_common_cpp.a */ = {isa = PBXFileReference; lastKnownFileType = archive.ar; name = liballjoyn_services_common_cpp.a; path = "../../../../services_common/ios/samples/alljoyn_services_cpp/build/Debug-iphoneos/liballjoyn_services_common_cpp.a"; sourceTree = "<group>"; };
		9A5B2F391A2732B800505A46 /* libxml2.dylib */ = {isa = PBXFileReference; lastKnownFileType = "compiled.mach-o.dylib"; name = libxml2.dylib; path = usr/lib/libxml2.dylib; sourceTree = SDKROOT; };
		9AA35AB1188BDC210021B893 /* liballjoyn_services_common_cpp.a */ = {isa = PBXFileReference; lastKnownFileType = archive.ar; name = liballjoyn_services_common_cpp.a; path = "../../../../services_common/ios/sample/alljoyn_services_cpp/build/Debug-iphoneos/liballjoyn_services_common_cpp.a"; sourceTree = "<group>"; };
		9AA35AB3188BDC250021B893 /* liballjoyn_services_common_objc.a */ = {isa = PBXFileReference; lastKnownFileType = archive.ar; name = liballjoyn_services_common_objc.a; path = "../../../../services_common/ios/sample/alljoyn_services_objc/build/Debug-iphoneos/liballjoyn_services_common_objc.a"; sourceTree = "<group>"; };
		9AB9AC5A1A1B5BA400A236E3 /* SampleClock.m */ = {isa = PBXFileReference; fileEncoding = 4; lastKnownFileType = sourcecode.c.objc; path = SampleClock.m; sourceTree = "<group>"; };
		9AB9AC5C1A1B5BC300A236E3 /* SampleClock.h */ = {isa = PBXFileReference; lastKnownFileType = sourcecode.c.h; path = SampleClock.h; sourceTree = "<group>"; };
		9AB9AC5D1A1B69E100A236E3 /* CommonBusListener.h */ = {isa = PBXFileReference; fileEncoding = 4; lastKnownFileType = sourcecode.c.h; path = CommonBusListener.h; sourceTree = "<group>"; };
		9AB9AC5E1A1B69E100A236E3 /* CommonBusListener.m */ = {isa = PBXFileReference; fileEncoding = 4; lastKnownFileType = sourcecode.c.objc; path = CommonBusListener.m; sourceTree = "<group>"; };
		9AFAA9B21861EFFB00E9C4ED /* liballjoyn_about_cpp.a */ = {isa = PBXFileReference; lastKnownFileType = archive.ar; name = liballjoyn_about_cpp.a; path = "../alljoyn_services_cpp/build/Debug-iphoneos/liballjoyn_about_cpp.a"; sourceTree = "<group>"; };
		9AFAA9B31861EFFB00E9C4ED /* liballjoyn_about_objc.a */ = {isa = PBXFileReference; lastKnownFileType = archive.ar; name = liballjoyn_about_objc.a; path = "../alljoyn_services_objc/build/Debug-iphoneos/liballjoyn_about_objc.a"; sourceTree = "<group>"; };
		9AFAA9B41861EFFB00E9C4ED /* libAllJoynFramework_iOS.a */ = {isa = PBXFileReference; lastKnownFileType = archive.ar; name = libAllJoynFramework_iOS.a; path = "../../../../../alljoyn_objc/AllJoynFramework_iOS/build/Debug-iphoneos/libAllJoynFramework_iOS.a"; sourceTree = "<group>"; };
/* End PBXFileReference section */

/* Begin PBXFrameworksBuildPhase section */
		19E2F03C17E87CE10005851F /* Frameworks */ = {
			isa = PBXFrameworksBuildPhase;
			buildActionMask = 2147483647;
			files = (
				9A5B2F3A1A2732B800505A46 /* libxml2.dylib in Frameworks */,
				9A5B2F381A27329600505A46 /* liballjoyn_services_common_cpp.a in Frameworks */,
				19375D3419FE66BD00689ADD /* liballjoyn_time_cpp.a in Frameworks */,
				19375D3519FE66BD00689ADD /* liballjoyn_time_objc.a in Frameworks */,
				9AFAA9B71861EFFB00E9C4ED /* libAllJoynFramework_iOS.a in Frameworks */,
				9AFAA9B51861EFFB00E9C4ED /* liballjoyn_about_cpp.a in Frameworks */,
				9AFAA9B61861EFFB00E9C4ED /* liballjoyn_about_objc.a in Frameworks */,
				9A3DB315183A19CB0063D6BE /* libc.dylib in Frameworks */,
				19E2F07417E88B120005851F /* libc++.dylib in Frameworks */,
				19E2F07517E88B120005851F /* libc++abi.dylib in Frameworks */,
				19E2F06D17E88B030005851F /* libstdc++.6.0.9.dylib in Frameworks */,
				19E2F06E17E88B030005851F /* libstdc++.6.dylib in Frameworks */,
				19E2F06F17E88B030005851F /* libstdc++.dylib in Frameworks */,
				19E2F06917E88AF20005851F /* SystemConfiguration.framework in Frameworks */,
				19E2F04317E87CE10005851F /* UIKit.framework in Frameworks */,
				19E2F04517E87CE10005851F /* Foundation.framework in Frameworks */,
				19E2F04717E87CE10005851F /* CoreGraphics.framework in Frameworks */,
			);
			runOnlyForDeploymentPostprocessing = 0;
		};
/* End PBXFrameworksBuildPhase section */

/* Begin PBXGroup section */
		19E2F03617E87CE10005851F = {
			isa = PBXGroup;
			children = (
				9A3DAFF9183A0D290063D6BE /* TimeService */,
				19E2F04117E87CE10005851F /* Frameworks */,
				19E2F04017E87CE10005851F /* Products */,
			);
			sourceTree = "<group>";
		};
		19E2F04017E87CE10005851F /* Products */ = {
			isa = PBXGroup;
			children = (
				19E2F03F17E87CE10005851F /* TimeService.app */,
			);
			name = Products;
			sourceTree = "<group>";
		};
		19E2F04117E87CE10005851F /* Frameworks */ = {
			isa = PBXGroup;
			children = (
				9A5B2F391A2732B800505A46 /* libxml2.dylib */,
				9A5B2F371A27329600505A46 /* liballjoyn_services_common_cpp.a */,
				19375D4319FE6BBD00689ADD /* liballjoyn_services_common_cpp.a */,
				19375D4419FE6BBD00689ADD /* liballjoyn_services_common_objc.a */,
				19375D3219FE66BD00689ADD /* liballjoyn_time_cpp.a */,
				19375D3319FE66BD00689ADD /* liballjoyn_time_objc.a */,
				9AA35AB3188BDC250021B893 /* liballjoyn_services_common_objc.a */,
				9AA35AB1188BDC210021B893 /* liballjoyn_services_common_cpp.a */,
				19E2F07017E88B120005851F /* libc++.1.dylib */,
				19E2F07117E88B120005851F /* libc++.dylib */,
				19E2F07217E88B120005851F /* libc++abi.dylib */,
				19E2F06A17E88B030005851F /* libstdc++.6.0.9.dylib */,
				19E2F06B17E88B030005851F /* libstdc++.6.dylib */,
				19E2F06C17E88B030005851F /* libstdc++.dylib */,
				19E2F06817E88AF20005851F /* SystemConfiguration.framework */,
				9AFAA9B21861EFFB00E9C4ED /* liballjoyn_about_cpp.a */,
				9AFAA9B31861EFFB00E9C4ED /* liballjoyn_about_objc.a */,
				9AFAA9B41861EFFB00E9C4ED /* libAllJoynFramework_iOS.a */,
				9A3DB314183A19CB0063D6BE /* libc.dylib */,
				19E2F04217E87CE10005851F /* UIKit.framework */,
				19E2F04417E87CE10005851F /* Foundation.framework */,
				19E2F04617E87CE10005851F /* CoreGraphics.framework */,
			);
			name = Frameworks;
			sourceTree = "<group>";
		};
		19F6D03B1875A89400709EC0 /* ViewControllers */ = {
			isa = PBXGroup;
			children = (
				19375D3919FE679D00689ADD /* ViewController.m */,
				19375D3A19FE679D00689ADD /* ViewController.h */,
			);
			name = ViewControllers;
			sourceTree = "<group>";
		};
		19F6D03C1875A8E400709EC0 /* StoryBoards */ = {
			isa = PBXGroup;
			children = (
				9A3DB00A183A0D290063D6BE /* MainStoryboard_iPhone.storyboard */,
			);
			name = StoryBoards;
			sourceTree = "<group>";
		};
		19F6D03D1875A8FC00709EC0 /* Utils */ = {
			isa = PBXGroup;
			children = (
				19EA46E41A1CC482009EF216 /* AuthenticationListenerImpl.h */,
				9AB9AC5D1A1B69E100A236E3 /* CommonBusListener.h */,
				19EA46E31A1CC482009EF216 /* AuthenticationListenerImpl.m */,
				9AB9AC5E1A1B69E100A236E3 /* CommonBusListener.m */,
			);
			name = Utils;
			sourceTree = "<group>";
		};
		9A3DAFF9183A0D290063D6BE /* TimeService */ = {
			isa = PBXGroup;
			children = (
				9AB9AC591A1B5B5B00A236E3 /* TimeObjects */,
				19F6D03D1875A8FC00709EC0 /* Utils */,
				19F6D03C1875A8E400709EC0 /* StoryBoards */,
				19F6D03B1875A89400709EC0 /* ViewControllers */,
				9A3DAFFA183A0D290063D6BE /* Resources */,
			);
			name = TimeService;
			sourceTree = "<group>";
		};
		9A3DAFFA183A0D290063D6BE /* Resources */ = {
			isa = PBXGroup;
			children = (
				19375D3619FE678D00689ADD /* AppDelegate.h */,
				19375D3719FE678D00689ADD /* AppDelegate.m */,
				19375D4B19FE6E4800689ADD /* Default-568h@2x.png */,
				19375D4C19FE6E4800689ADD /* Default.png */,
				19375D4D19FE6E4800689ADD /* Default@2x.png */,
				19375D3C19FE67BC00689ADD /* main.m */,
				19375D4719FE6E0500689ADD /* TimeService-Info.plist */,
				9A3DAFFC183A0D290063D6BE /* TimeService-Prefix.pch */,
			);
			name = Resources;
			path = ConfigService;
			sourceTree = "<group>";
		};
		9AB9AC591A1B5B5B00A236E3 /* TimeObjects */ = {
			isa = PBXGroup;
			children = (
				9AB9AC5A1A1B5BA400A236E3 /* SampleClock.m */,
				9AB9AC5C1A1B5BC300A236E3 /* SampleClock.h */,
				19EA46E61A1CCCC8009EF216 /* SampleAlarm.h */,
				19EA46E71A1CCCC8009EF216 /* SampleAlarm.m */,
				19EA46E91A1CD587009EF216 /* SampleTimer.h */,
				19EA46EA1A1CD587009EF216 /* SampleTimer.m */,
			);
			name = TimeObjects;
			sourceTree = "<group>";
		};
/* End PBXGroup section */

/* Begin PBXNativeTarget section */
		19E2F03E17E87CE10005851F /* TimeService */ = {
			isa = PBXNativeTarget;
			buildConfigurationList = 19E2F06517E87CE10005851F /* Build configuration list for PBXNativeTarget "TimeService" */;
			buildPhases = (
				19E2F03B17E87CE10005851F /* Sources */,
				19E2F03C17E87CE10005851F /* Frameworks */,
				19E2F03D17E87CE10005851F /* Resources */,
			);
			buildRules = (
			);
			dependencies = (
			);
			name = TimeService;
			productName = ConfigService;
			productReference = 19E2F03F17E87CE10005851F /* TimeService.app */;
			productType = "com.apple.product-type.application";
		};
/* End PBXNativeTarget section */

/* Begin PBXProject section */
		19E2F03717E87CE10005851F /* Project object */ = {
			isa = PBXProject;
			attributes = {
				LastUpgradeCheck = 0500;
				ORGANIZATIONNAME = AllJoyn;
				TargetAttributes = {
					19E2F03E17E87CE10005851F = {
						SystemCapabilities = {
							com.apple.BackgroundModes = {
								enabled = 0;
							};
						};
					};
				};
			};
			buildConfigurationList = 19E2F03A17E87CE10005851F /* Build configuration list for PBXProject "TimeService" */;
			compatibilityVersion = "Xcode 3.2";
			developmentRegion = English;
			hasScannedForEncodings = 0;
			knownRegions = (
				en,
			);
			mainGroup = 19E2F03617E87CE10005851F;
			productRefGroup = 19E2F04017E87CE10005851F /* Products */;
			projectDirPath = "";
			projectRoot = "";
			targets = (
				19E2F03E17E87CE10005851F /* TimeService */,
			);
		};
/* End PBXProject section */

/* Begin PBXResourcesBuildPhase section */
		19E2F03D17E87CE10005851F /* Resources */ = {
			isa = PBXResourcesBuildPhase;
			buildActionMask = 2147483647;
			files = (
				19375D5419FE6E4800689ADD /* Default@2x.png in Resources */,
				9A3DB0C3183A0D2A0063D6BE /* MainStoryboard_iPhone.storyboard in Resources */,
				19375D4819FE6E0500689ADD /* TimeService-Info.plist in Resources */,
				19375D5219FE6E4800689ADD /* Default-568h@2x.png in Resources */,
				19375D5319FE6E4800689ADD /* Default.png in Resources */,
			);
			runOnlyForDeploymentPostprocessing = 0;
		};
/* End PBXResourcesBuildPhase section */

/* Begin PBXSourcesBuildPhase section */
		19E2F03B17E87CE10005851F /* Sources */ = {
			isa = PBXSourcesBuildPhase;
			buildActionMask = 2147483647;
			files = (
				9AB9AC5F1A1B69E100A236E3 /* CommonBusListener.m in Sources */,
				19375D3B19FE679D00689ADD /* ViewController.m in Sources */,
				19375D3D19FE67BC00689ADD /* main.m in Sources */,
				19EA46EB1A1CD587009EF216 /* SampleTimer.m in Sources */,
				19EA46E81A1CCCC8009EF216 /* SampleAlarm.m in Sources */,
				19EA46E51A1CC482009EF216 /* AuthenticationListenerImpl.m in Sources */,
				9AB9AC5B1A1B5BA400A236E3 /* SampleClock.m in Sources */,
				19375D3819FE678D00689ADD /* AppDelegate.m in Sources */,
			);
			runOnlyForDeploymentPostprocessing = 0;
		};
/* End PBXSourcesBuildPhase section */

/* Begin XCBuildConfiguration section */
		19E2F06317E87CE10005851F /* Debug */ = {
			isa = XCBuildConfiguration;
			buildSettings = {
				ALWAYS_SEARCH_USER_PATHS = NO;
				CLANG_CXX_LANGUAGE_STANDARD = "gnu++0x";
				CLANG_CXX_LIBRARY = "libc++";
				CLANG_ENABLE_OBJC_ARC = YES;
				CLANG_WARN_CONSTANT_CONVERSION = YES;
				CLANG_WARN_EMPTY_BODY = YES;
				CLANG_WARN_ENUM_CONVERSION = YES;
				CLANG_WARN_INT_CONVERSION = YES;
				CLANG_WARN__DUPLICATE_METHOD_MATCH = YES;
				"CODE_SIGN_IDENTITY[sdk=iphoneos*]" = "iPhone Developer";
				COPY_PHASE_STRIP = NO;
				GCC_C_LANGUAGE_STANDARD = gnu99;
				GCC_DYNAMIC_NO_PIC = NO;
				GCC_OPTIMIZATION_LEVEL = 0;
				GCC_PREPROCESSOR_DEFINITIONS = (
					"DEBUG=1",
					"$(inherited)",
				);
				GCC_SYMBOLS_PRIVATE_EXTERN = NO;
				GCC_WARN_ABOUT_RETURN_TYPE = YES;
				GCC_WARN_UNINITIALIZED_AUTOS = YES;
				GCC_WARN_UNUSED_VARIABLE = YES;
				IPHONEOS_DEPLOYMENT_TARGET = 6.1;
				ONLY_ACTIVE_ARCH = YES;
				SDKROOT = iphoneos;
				TARGETED_DEVICE_FAMILY = "1,2";
			};
			name = Debug;
		};
		19E2F06417E87CE10005851F /* Release */ = {
			isa = XCBuildConfiguration;
			buildSettings = {
				ALWAYS_SEARCH_USER_PATHS = NO;
				CLANG_CXX_LANGUAGE_STANDARD = "gnu++0x";
				CLANG_CXX_LIBRARY = "libc++";
				CLANG_ENABLE_OBJC_ARC = YES;
				CLANG_WARN_CONSTANT_CONVERSION = YES;
				CLANG_WARN_EMPTY_BODY = YES;
				CLANG_WARN_ENUM_CONVERSION = YES;
				CLANG_WARN_INT_CONVERSION = YES;
				CLANG_WARN__DUPLICATE_METHOD_MATCH = YES;
				"CODE_SIGN_IDENTITY[sdk=iphoneos*]" = "iPhone Developer";
				COPY_PHASE_STRIP = YES;
				GCC_C_LANGUAGE_STANDARD = gnu99;
				GCC_WARN_ABOUT_RETURN_TYPE = YES;
				GCC_WARN_UNINITIALIZED_AUTOS = YES;
				GCC_WARN_UNUSED_VARIABLE = YES;
				IPHONEOS_DEPLOYMENT_TARGET = 6.1;
				OTHER_CFLAGS = "-DNS_BLOCK_ASSERTIONS=1";
				SDKROOT = iphoneos;
				TARGETED_DEVICE_FAMILY = "1,2";
				VALIDATE_PRODUCT = YES;
			};
			name = Release;
		};
		19E2F06617E87CE10005851F /* Debug */ = {
			isa = XCBuildConfiguration;
			buildSettings = {
				ALWAYS_SEARCH_USER_PATHS = YES;
				CLANG_CXX_LANGUAGE_STANDARD = "compiler-default";
				CLANG_CXX_LIBRARY = "compiler-default";
				CODE_SIGN_IDENTITY = "iPhone Developer";
				"CODE_SIGN_IDENTITY[sdk=iphoneos*]" = "iPhone Developer";
				GCC_C_LANGUAGE_STANDARD = "compiler-default";
				GCC_ENABLE_CPP_EXCEPTIONS = NO;
				GCC_ENABLE_CPP_RTTI = NO;
				GCC_INLINES_ARE_PRIVATE_EXTERN = NO;
				GCC_INPUT_FILETYPE = sourcecode.cpp.objcpp;
				GCC_PRECOMPILE_PREFIX_HEADER = YES;
				GCC_PREFIX_HEADER = "TimeService/TimeService-Prefix.pch";
				GCC_SYMBOLS_PRIVATE_EXTERN = NO;
				HEADER_SEARCH_PATHS = (
					"\"../../inc/\"",
					"\"$(ALLJOYN_SDK_ROOT)/build/darwin/arm/$(PLATFORM_NAME)/$(CONFIGURATION)/dist/cpp/inc\"",
					"\"$(ALLJOYN_SDK_ROOT)/build/darwin/arm/$(PLATFORM_NAME)/$(CONFIGURATION)/dist/cpp/inc/alljoyn\"",
					"$(SRCROOT)/../../../../../common/inc",
					"\"$(ALLJOYN_SDK_ROOT)/alljoyn_objc/AllJoynFramework/AllJoynFramework/\"",
					"$(BUILT_PRODUCTS_DIR)/inc/**",
					"\"$(ALLJOYN_SDK_ROOT)/services/about/ios/inc\"",
					"\"$(ALLJOYN_SDK_ROOT)/services/about/cpp/inc\"",
					"\"../../../cpp/inc\"",
					"\"$(ALLSEEN_BASE_SERVICES_ROOT)/services_common/cpp/inc\"",
					"\"$(ALLSEEN_BASE_SERVICES_ROOT)/time/ios/inc\"",
				);
				INFOPLIST_FILE = "TimeService/TimeService-Info.plist";
				IPHONEOS_DEPLOYMENT_TARGET = 7.0;
				LIBRARY_SEARCH_PATHS = (
					"$(ALLJOYN_SDK_ROOT)/build/darwin/$(CURRENT_ARCH)/$(PLATFORM_NAME)/$(CONFIGURATION)/dist/cpp/lib",
					"$(OPENSSL_ROOT)/build/$(CONFIGURATION)-$(PLATFORM_NAME)",
					"$(inherited)",
					../../../cpp/lib,
					../../lib,
					"$(ALLJOYN_SDK_ROOT)/build/darwin/arm/$(PLATFORM_NAME)/$(CONFIGURATION)/dist/about/lib",
					"\"$(ALLSEEN_BASE_SERVICES_ROOT)//time/ios/samples/alljoyn_services_cpp/build/Debug-iphoneos\"",
					"\"$(ALLSEEN_BASE_SERVICES_ROOT)/time/ios/samples/alljoyn_services_objc/build/Debug-iphoneos\"",
					"\"$(ALLSEEN_BASE_SERVICES_ROOT)/services_common/ios/samples/alljoyn_services_cpp/build/Debug-iphoneos\"",
					"\"$(ALLSEEN_BASE_SERVICES_ROOT)/services_common/ios/samples/alljoyn_services_objc/build/Debug-iphoneos\"",
				);
				ONLY_ACTIVE_ARCH = NO;
				OTHER_CFLAGS = (
					"-DQCC_OS_GROUP_POSIX",
					"-DQCC_OS_DARWIN",
				);
				OTHER_LDFLAGS = (
					"-lalljoyn",
					"-lajrouter",
					"-lBundledRouter.o",
					"-lssl",
					"-lcrypto",
				);
				PRODUCT_NAME = TimeService;
				PROVISIONING_PROFILE = "";
				VALID_ARCHS = "armv7 armv7s i386";
				WRAPPER_EXTENSION = app;
			};
			name = Debug;
		};
		19E2F06717E87CE10005851F /* Release */ = {
			isa = XCBuildConfiguration;
			buildSettings = {
				ALWAYS_SEARCH_USER_PATHS = YES;
				CLANG_CXX_LANGUAGE_STANDARD = "compiler-default";
				CLANG_CXX_LIBRARY = "compiler-default";
				CODE_SIGN_IDENTITY = "iPhone Developer";
				"CODE_SIGN_IDENTITY[sdk=iphoneos*]" = "iPhone Developer";
				GCC_C_LANGUAGE_STANDARD = "compiler-default";
				GCC_ENABLE_CPP_EXCEPTIONS = NO;
				GCC_ENABLE_CPP_RTTI = NO;
				GCC_INLINES_ARE_PRIVATE_EXTERN = NO;
				GCC_INPUT_FILETYPE = sourcecode.cpp.objcpp;
				GCC_PRECOMPILE_PREFIX_HEADER = YES;
				GCC_PREFIX_HEADER = "TimeService/TimeService-Prefix.pch";
				HEADER_SEARCH_PATHS = (
					"\"$(ALLJOYN_SDK_ROOT)/build/darwin/arm/$(PLATFORM_NAME)/$(CONFIGURATION)/dist/cpp/inc\"",
					"\"$(ALLJOYN_SDK_ROOT)/build/darwin/arm/$(PLATFORM_NAME)/$(CONFIGURATION)/dist/cpp/inc/alljoyn\"",
					"$(SRCROOT)/../../../../../common/inc",
					"\"$(ALLJOYN_SDK_ROOT)/alljoyn_objc/AllJoynFramework/AllJoynFramework/\"",
					"$(BUILT_PRODUCTS_DIR)/inc/**",
					"\"$(ALLJOYN_SDK_ROOT)/services/about/ios/inc\"",
					"\"$(ALLJOYN_SDK_ROOT)/services/about/cpp/inc\"",
					"\"../../inc/\"",
					"\"../../../cpp/inc\"",
					"\"$(ALLSEEN_BASE_SERVICES_ROOT)/services_common/cpp/inc\"",
				);
				INFOPLIST_FILE = "TimeService/TimeService-Info.plist";
				IPHONEOS_DEPLOYMENT_TARGET = 7.0;
				LIBRARY_SEARCH_PATHS = (
					"$(inherited)",
					"$(ALLJOYN_SDK_ROOT)/build/darwin/$(CURRENT_ARCH)/$(PLATFORM_NAME)/$(CONFIGURATION)/dist/cpp/lib",
					"$(OPENSSL_ROOT)/build/$(CONFIGURATION)-$(PLATFORM_NAME)",
					../../../cpp/lib,
					../../lib,
					"$(ALLJOYN_SDK_ROOT)/build/darwin/arm/$(PLATFORM_NAME)/$(CONFIGURATION)/dist/about/lib",
					"\"$(ALLSEEN_BASE_SERVICES_ROOT)/time/ios/samples/alljoyn_services_cpp/build/Debug-iphoneos\"",
					"\"$(ALLSEEN_BASE_SERVICES_ROOT)//time/ios/samples/alljoyn_services_objc/build/Debug-iphoneos\"",
					"\"$(ALLSEEN_BASE_SERVICES_ROOT)/services_common/ios/samples/alljoyn_services_cpp/build/Debug-iphoneos\"",
					"\"$(ALLSEEN_BASE_SERVICES_ROOT)/services_common/ios/samples/alljoyn_services_objc/build/Debug-iphoneos\"",
					"/Users/skedem/master_allseen/services/base/services_common/ios/samples/alljoyn_services_cpp/build/Debug-iphoneos",
				);
				ONLY_ACTIVE_ARCH = NO;
				OTHER_CFLAGS = (
					"-DNS_BLOCK_ASSERTIONS=1",
					"-DQCC_OS_GROUP_POSIX",
					"-DQCC_OS_DARWIN",
				);
				OTHER_LDFLAGS = (
					"-lalljoyn",
					"-lajrouter",
					"-lBundledRouter.o",
					"-lssl",
					"-lcrypto",
				);
				PRODUCT_NAME = TimeService;
				PROVISIONING_PROFILE = "";
				VALID_ARCHS = "armv7 armv7s i386";
				WRAPPER_EXTENSION = app;
			};
			name = Release;
		};
/* End XCBuildConfiguration section */

/* Begin XCConfigurationList section */
		19E2F03A17E87CE10005851F /* Build configuration list for PBXProject "TimeService" */ = {
			isa = XCConfigurationList;
			buildConfigurations = (
				19E2F06317E87CE10005851F /* Debug */,
				19E2F06417E87CE10005851F /* Release */,
			);
			defaultConfigurationIsVisible = 0;
			defaultConfigurationName = Release;
		};
		19E2F06517E87CE10005851F /* Build configuration list for PBXNativeTarget "TimeService" */ = {
			isa = XCConfigurationList;
			buildConfigurations = (
				19E2F06617E87CE10005851F /* Debug */,
				19E2F06717E87CE10005851F /* Release */,
			);
			defaultConfigurationIsVisible = 0;
			defaultConfigurationName = Release;
		};
/* End XCConfigurationList section */
	};
	rootObject = 19E2F03717E87CE10005851F /* Project object */;
}
