// !$*UTF8*$!
{
	archiveVersion = 1;
	classes = {
	};
	objectVersion = 46;
	objects = {

/* Begin PBXBuildFile section */
		1999FB9819E172FB000F3F94 /* Foundation.framework in Frameworks */ = {isa = PBXBuildFile; fileRef = 1999FB9719E172FB000F3F94 /* Foundation.framework */; };
		1999FBA619E172FB000F3F94 /* XCTest.framework in Frameworks */ = {isa = PBXBuildFile; fileRef = 1999FBA519E172FB000F3F94 /* XCTest.framework */; };
		1999FBA719E172FB000F3F94 /* Foundation.framework in Frameworks */ = {isa = PBXBuildFile; fileRef = 1999FB9719E172FB000F3F94 /* Foundation.framework */; };
		1999FBA919E172FB000F3F94 /* UIKit.framework in Frameworks */ = {isa = PBXBuildFile; fileRef = 1999FBA819E172FB000F3F94 /* UIKit.framework */; };
		1999FBAC19E172FB000F3F94 /* liballjoyn_time_cpp.a in Frameworks */ = {isa = PBXBuildFile; fileRef = 1999FB9419E172FB000F3F94 /* liballjoyn_time_cpp.a */; };
		1999FBED19E1744A000F3F94 /* Mutex.cc in Sources */ = {isa = PBXBuildFile; fileRef = 1999FBD119E1744A000F3F94 /* Mutex.cc */; };
		1999FBEE19E1744A000F3F94 /* TimeServiceAlarmUtility.cc in Sources */ = {isa = PBXBuildFile; fileRef = 1999FBD319E1744A000F3F94 /* TimeServiceAlarmUtility.cc */; };
		1999FBEF19E1744A000F3F94 /* TimeServiceClockUtility.cc in Sources */ = {isa = PBXBuildFile; fileRef = 1999FBD519E1744A000F3F94 /* TimeServiceClockUtility.cc */; };
		1999FBF019E1744A000F3F94 /* TimeServiceDate.cc in Sources */ = {isa = PBXBuildFile; fileRef = 1999FBD719E1744A000F3F94 /* TimeServiceDate.cc */; };
		1999FBF119E1744A000F3F94 /* TimeServiceDateTime.cc in Sources */ = {isa = PBXBuildFile; fileRef = 1999FBD819E1744A000F3F94 /* TimeServiceDateTime.cc */; };
		1999FBF219E1744A000F3F94 /* TimeServicePeriod.cc in Sources */ = {isa = PBXBuildFile; fileRef = 1999FBD919E1744A000F3F94 /* TimeServicePeriod.cc */; };
		1999FBF319E1744A000F3F94 /* TimeServiceSchedule.cc in Sources */ = {isa = PBXBuildFile; fileRef = 1999FBDA19E1744A000F3F94 /* TimeServiceSchedule.cc */; };
		1999FBF419E1744A000F3F94 /* TimeServiceTime.cc in Sources */ = {isa = PBXBuildFile; fileRef = 1999FBDB19E1744A000F3F94 /* TimeServiceTime.cc */; };
		1999FBF519E1744A000F3F94 /* TimeServiceUtility.cc in Sources */ = {isa = PBXBuildFile; fileRef = 1999FBDC19E1744A000F3F94 /* TimeServiceUtility.cc */; };
		1999FBF619E1744A000F3F94 /* TimeServiceAlarmBusObj.cc in Sources */ = {isa = PBXBuildFile; fileRef = 1999FBDF19E1744A000F3F94 /* TimeServiceAlarmBusObj.cc */; };
		1999FBF719E1744A000F3F94 /* TimeServiceAlarmFactoryBusObj.cc in Sources */ = {isa = PBXBuildFile; fileRef = 1999FBE019E1744A000F3F94 /* TimeServiceAlarmFactoryBusObj.cc */; };
		1999FBF819E1744A000F3F94 /* TimeServiceAuthorityClockBusObj.cc in Sources */ = {isa = PBXBuildFile; fileRef = 1999FBE219E1744A000F3F94 /* TimeServiceAuthorityClockBusObj.cc */; };
		1999FBF919E1744A000F3F94 /* TimeServiceClockBusObj.cc in Sources */ = {isa = PBXBuildFile; fileRef = 1999FBE419E1744A000F3F94 /* TimeServiceClockBusObj.cc */; };
		1999FBFA19E1744A000F3F94 /* TimeServiceGlobalStringSequencer.cc in Sources */ = {isa = PBXBuildFile; fileRef = 1999FBE619E1744A000F3F94 /* TimeServiceGlobalStringSequencer.cc */; };
		1999FBFB19E1744A000F3F94 /* TimeServiceServer.cc in Sources */ = {isa = PBXBuildFile; fileRef = 1999FBE819E1744A000F3F94 /* TimeServiceServer.cc */; };
		1999FBFC19E1744A000F3F94 /* TimeServiceServerAlarm.cc in Sources */ = {isa = PBXBuildFile; fileRef = 1999FBE919E1744A000F3F94 /* TimeServiceServerAlarm.cc */; };
		1999FBFD19E1744A000F3F94 /* TimeServiceServerAlarmFactory.cc in Sources */ = {isa = PBXBuildFile; fileRef = 1999FBEA19E1744A000F3F94 /* TimeServiceServerAlarmFactory.cc */; };
		1999FBFE19E1744A000F3F94 /* TimeServiceServerAuthorityClock.cc in Sources */ = {isa = PBXBuildFile; fileRef = 1999FBEB19E1744A000F3F94 /* TimeServiceServerAuthorityClock.cc */; };
		1999FBFF19E1744A000F3F94 /* TimeServiceServerClock.cc in Sources */ = {isa = PBXBuildFile; fileRef = 1999FBEC19E1744A000F3F94 /* TimeServiceServerClock.cc */; };
/* End PBXBuildFile section */

/* Begin PBXContainerItemProxy section */
		1999FBAA19E172FB000F3F94 /* PBXContainerItemProxy */ = {
			isa = PBXContainerItemProxy;
			containerPortal = 1999FB8C19E172FB000F3F94 /* Project object */;
			proxyType = 1;
			remoteGlobalIDString = 1999FB9319E172FB000F3F94;
			remoteInfo = alljoyn_time_cpp;
		};
/* End PBXContainerItemProxy section */

/* Begin PBXCopyFilesBuildPhase section */
		1999FB9219E172FB000F3F94 /* CopyFiles */ = {
			isa = PBXCopyFilesBuildPhase;
			buildActionMask = 2147483647;
			dstPath = "include/$(PRODUCT_NAME)";
			dstSubfolderSpec = 16;
			files = (
			);
			runOnlyForDeploymentPostprocessing = 0;
		};
/* End PBXCopyFilesBuildPhase section */

/* Begin PBXFileReference section */
		1999FB9419E172FB000F3F94 /* liballjoyn_time_cpp.a */ = {isa = PBXFileReference; explicitFileType = archive.ar; includeInIndex = 0; path = liballjoyn_time_cpp.a; sourceTree = BUILT_PRODUCTS_DIR; };
		1999FB9719E172FB000F3F94 /* Foundation.framework */ = {isa = PBXFileReference; lastKnownFileType = wrapper.framework; name = Foundation.framework; path = System/Library/Frameworks/Foundation.framework; sourceTree = SDKROOT; };
		1999FB9B19E172FB000F3F94 /* alljoyn_time_cpp-Prefix.pch */ = {isa = PBXFileReference; lastKnownFileType = sourcecode.c.h; path = "alljoyn_time_cpp-Prefix.pch"; sourceTree = "<group>"; };
		1999FBA419E172FB000F3F94 /* alljoyn_time_cppTests.xctest */ = {isa = PBXFileReference; explicitFileType = wrapper.cfbundle; includeInIndex = 0; path = alljoyn_time_cppTests.xctest; sourceTree = BUILT_PRODUCTS_DIR; };
		1999FBA519E172FB000F3F94 /* XCTest.framework */ = {isa = PBXFileReference; lastKnownFileType = wrapper.framework; name = XCTest.framework; path = Library/Frameworks/XCTest.framework; sourceTree = DEVELOPER_DIR; };
		1999FBA819E172FB000F3F94 /* UIKit.framework */ = {isa = PBXFileReference; lastKnownFileType = wrapper.framework; name = UIKit.framework; path = Library/Frameworks/UIKit.framework; sourceTree = DEVELOPER_DIR; };
		1999FBC119E173FE000F3F94 /* LogModule.h */ = {isa = PBXFileReference; fileEncoding = 4; lastKnownFileType = sourcecode.c.h; name = LogModule.h; path = ../../../../../cpp/inc/alljoyn/time/LogModule.h; sourceTree = "<group>"; };
		1999FBC219E173FE000F3F94 /* TimeServiceAlarmBusObj.h */ = {isa = PBXFileReference; fileEncoding = 4; lastKnownFileType = sourcecode.c.h; name = TimeServiceAlarmBusObj.h; path = ../../../../../cpp/inc/alljoyn/time/TimeServiceAlarmBusObj.h; sourceTree = "<group>"; };
		1999FBC319E173FE000F3F94 /* TimeServiceConstants.h */ = {isa = PBXFileReference; fileEncoding = 4; lastKnownFileType = sourcecode.c.h; name = TimeServiceConstants.h; path = ../../../../../cpp/inc/alljoyn/time/TimeServiceConstants.h; sourceTree = "<group>"; };
		1999FBC419E173FE000F3F94 /* TimeServiceDate.h */ = {isa = PBXFileReference; fileEncoding = 4; lastKnownFileType = sourcecode.c.h; name = TimeServiceDate.h; path = ../../../../../cpp/inc/alljoyn/time/TimeServiceDate.h; sourceTree = "<group>"; };
		1999FBC519E173FE000F3F94 /* TimeServiceDateTime.h */ = {isa = PBXFileReference; fileEncoding = 4; lastKnownFileType = sourcecode.c.h; name = TimeServiceDateTime.h; path = ../../../../../cpp/inc/alljoyn/time/TimeServiceDateTime.h; sourceTree = "<group>"; };
		1999FBC619E173FE000F3F94 /* TimeServicePeriod.h */ = {isa = PBXFileReference; fileEncoding = 4; lastKnownFileType = sourcecode.c.h; name = TimeServicePeriod.h; path = ../../../../../cpp/inc/alljoyn/time/TimeServicePeriod.h; sourceTree = "<group>"; };
		1999FBC719E173FE000F3F94 /* TimeServiceSchedule.h */ = {isa = PBXFileReference; fileEncoding = 4; lastKnownFileType = sourcecode.c.h; name = TimeServiceSchedule.h; path = ../../../../../cpp/inc/alljoyn/time/TimeServiceSchedule.h; sourceTree = "<group>"; };
		1999FBC819E173FE000F3F94 /* TimeServiceServer.h */ = {isa = PBXFileReference; fileEncoding = 4; lastKnownFileType = sourcecode.c.h; name = TimeServiceServer.h; path = ../../../../../cpp/inc/alljoyn/time/TimeServiceServer.h; sourceTree = "<group>"; };
		1999FBC919E173FE000F3F94 /* TimeServiceServerAlarm.h */ = {isa = PBXFileReference; fileEncoding = 4; lastKnownFileType = sourcecode.c.h; name = TimeServiceServerAlarm.h; path = ../../../../../cpp/inc/alljoyn/time/TimeServiceServerAlarm.h; sourceTree = "<group>"; };
		1999FBCA19E173FE000F3F94 /* TimeServiceServerAlarmFactory.h */ = {isa = PBXFileReference; fileEncoding = 4; lastKnownFileType = sourcecode.c.h; name = TimeServiceServerAlarmFactory.h; path = ../../../../../cpp/inc/alljoyn/time/TimeServiceServerAlarmFactory.h; sourceTree = "<group>"; };
		1999FBCB19E173FE000F3F94 /* TimeServiceServerAuthorityClock.h */ = {isa = PBXFileReference; fileEncoding = 4; lastKnownFileType = sourcecode.c.h; name = TimeServiceServerAuthorityClock.h; path = ../../../../../cpp/inc/alljoyn/time/TimeServiceServerAuthorityClock.h; sourceTree = "<group>"; };
		1999FBCC19E173FE000F3F94 /* TimeServiceServerClock.h */ = {isa = PBXFileReference; fileEncoding = 4; lastKnownFileType = sourcecode.c.h; name = TimeServiceServerClock.h; path = ../../../../../cpp/inc/alljoyn/time/TimeServiceServerClock.h; sourceTree = "<group>"; };
		1999FBCD19E173FE000F3F94 /* TimeServiceTime.h */ = {isa = PBXFileReference; fileEncoding = 4; lastKnownFileType = sourcecode.c.h; name = TimeServiceTime.h; path = ../../../../../cpp/inc/alljoyn/time/TimeServiceTime.h; sourceTree = "<group>"; };
		1999FBD119E1744A000F3F94 /* Mutex.cc */ = {isa = PBXFileReference; fileEncoding = 4; lastKnownFileType = sourcecode.cpp.cpp; path = Mutex.cc; sourceTree = "<group>"; };
		1999FBD219E1744A000F3F94 /* Mutex.h */ = {isa = PBXFileReference; fileEncoding = 4; lastKnownFileType = sourcecode.c.h; path = Mutex.h; sourceTree = "<group>"; };
		1999FBD319E1744A000F3F94 /* TimeServiceAlarmUtility.cc */ = {isa = PBXFileReference; fileEncoding = 4; lastKnownFileType = sourcecode.cpp.cpp; path = TimeServiceAlarmUtility.cc; sourceTree = "<group>"; };
		1999FBD419E1744A000F3F94 /* TimeServiceAlarmUtility.h */ = {isa = PBXFileReference; fileEncoding = 4; lastKnownFileType = sourcecode.c.h; path = TimeServiceAlarmUtility.h; sourceTree = "<group>"; };
		1999FBD519E1744A000F3F94 /* TimeServiceClockUtility.cc */ = {isa = PBXFileReference; fileEncoding = 4; lastKnownFileType = sourcecode.cpp.cpp; path = TimeServiceClockUtility.cc; sourceTree = "<group>"; };
		1999FBD619E1744A000F3F94 /* TimeServiceClockUtility.h */ = {isa = PBXFileReference; fileEncoding = 4; lastKnownFileType = sourcecode.c.h; path = TimeServiceClockUtility.h; sourceTree = "<group>"; };
		1999FBD719E1744A000F3F94 /* TimeServiceDate.cc */ = {isa = PBXFileReference; fileEncoding = 4; lastKnownFileType = sourcecode.cpp.cpp; path = TimeServiceDate.cc; sourceTree = "<group>"; };
		1999FBD819E1744A000F3F94 /* TimeServiceDateTime.cc */ = {isa = PBXFileReference; fileEncoding = 4; lastKnownFileType = sourcecode.cpp.cpp; path = TimeServiceDateTime.cc; sourceTree = "<group>"; };
		1999FBD919E1744A000F3F94 /* TimeServicePeriod.cc */ = {isa = PBXFileReference; fileEncoding = 4; lastKnownFileType = sourcecode.cpp.cpp; path = TimeServicePeriod.cc; sourceTree = "<group>"; };
		1999FBDA19E1744A000F3F94 /* TimeServiceSchedule.cc */ = {isa = PBXFileReference; fileEncoding = 4; lastKnownFileType = sourcecode.cpp.cpp; path = TimeServiceSchedule.cc; sourceTree = "<group>"; };
		1999FBDB19E1744A000F3F94 /* TimeServiceTime.cc */ = {isa = PBXFileReference; fileEncoding = 4; lastKnownFileType = sourcecode.cpp.cpp; path = TimeServiceTime.cc; sourceTree = "<group>"; };
		1999FBDC19E1744A000F3F94 /* TimeServiceUtility.cc */ = {isa = PBXFileReference; fileEncoding = 4; lastKnownFileType = sourcecode.cpp.cpp; path = TimeServiceUtility.cc; sourceTree = "<group>"; };
		1999FBDD19E1744A000F3F94 /* TimeServiceUtility.h */ = {isa = PBXFileReference; fileEncoding = 4; lastKnownFileType = sourcecode.c.h; path = TimeServiceUtility.h; sourceTree = "<group>"; };
		1999FBDF19E1744A000F3F94 /* TimeServiceAlarmBusObj.cc */ = {isa = PBXFileReference; fileEncoding = 4; lastKnownFileType = sourcecode.cpp.cpp; path = TimeServiceAlarmBusObj.cc; sourceTree = "<group>"; };
		1999FBE019E1744A000F3F94 /* TimeServiceAlarmFactoryBusObj.cc */ = {isa = PBXFileReference; fileEncoding = 4; lastKnownFileType = sourcecode.cpp.cpp; path = TimeServiceAlarmFactoryBusObj.cc; sourceTree = "<group>"; };
		1999FBE119E1744A000F3F94 /* TimeServiceAlarmFactoryBusObj.h */ = {isa = PBXFileReference; fileEncoding = 4; lastKnownFileType = sourcecode.c.h; path = TimeServiceAlarmFactoryBusObj.h; sourceTree = "<group>"; };
		1999FBE219E1744A000F3F94 /* TimeServiceAuthorityClockBusObj.cc */ = {isa = PBXFileReference; fileEncoding = 4; lastKnownFileType = sourcecode.cpp.cpp; path = TimeServiceAuthorityClockBusObj.cc; sourceTree = "<group>"; };
		1999FBE319E1744A000F3F94 /* TimeServiceAuthorityClockBusObj.h */ = {isa = PBXFileReference; fileEncoding = 4; lastKnownFileType = sourcecode.c.h; path = TimeServiceAuthorityClockBusObj.h; sourceTree = "<group>"; };
		1999FBE419E1744A000F3F94 /* TimeServiceClockBusObj.cc */ = {isa = PBXFileReference; fileEncoding = 4; lastKnownFileType = sourcecode.cpp.cpp; path = TimeServiceClockBusObj.cc; sourceTree = "<group>"; };
		1999FBE519E1744A000F3F94 /* TimeServiceClockBusObj.h */ = {isa = PBXFileReference; fileEncoding = 4; lastKnownFileType = sourcecode.c.h; path = TimeServiceClockBusObj.h; sourceTree = "<group>"; };
		1999FBE619E1744A000F3F94 /* TimeServiceGlobalStringSequencer.cc */ = {isa = PBXFileReference; fileEncoding = 4; lastKnownFileType = sourcecode.cpp.cpp; path = TimeServiceGlobalStringSequencer.cc; sourceTree = "<group>"; };
		1999FBE719E1744A000F3F94 /* TimeServiceGlobalStringSequencer.h */ = {isa = PBXFileReference; fileEncoding = 4; lastKnownFileType = sourcecode.c.h; path = TimeServiceGlobalStringSequencer.h; sourceTree = "<group>"; };
		1999FBE819E1744A000F3F94 /* TimeServiceServer.cc */ = {isa = PBXFileReference; fileEncoding = 4; lastKnownFileType = sourcecode.cpp.cpp; path = TimeServiceServer.cc; sourceTree = "<group>"; };
		1999FBE919E1744A000F3F94 /* TimeServiceServerAlarm.cc */ = {isa = PBXFileReference; fileEncoding = 4; lastKnownFileType = sourcecode.cpp.cpp; path = TimeServiceServerAlarm.cc; sourceTree = "<group>"; };
		1999FBEA19E1744A000F3F94 /* TimeServiceServerAlarmFactory.cc */ = {isa = PBXFileReference; fileEncoding = 4; lastKnownFileType = sourcecode.cpp.cpp; path = TimeServiceServerAlarmFactory.cc; sourceTree = "<group>"; };
		1999FBEB19E1744A000F3F94 /* TimeServiceServerAuthorityClock.cc */ = {isa = PBXFileReference; fileEncoding = 4; lastKnownFileType = sourcecode.cpp.cpp; path = TimeServiceServerAuthorityClock.cc; sourceTree = "<group>"; };
		1999FBEC19E1744A000F3F94 /* TimeServiceServerClock.cc */ = {isa = PBXFileReference; fileEncoding = 4; lastKnownFileType = sourcecode.cpp.cpp; path = TimeServiceServerClock.cc; sourceTree = "<group>"; };
/* End PBXFileReference section */

/* Begin PBXFrameworksBuildPhase section */
		1999FB9119E172FB000F3F94 /* Frameworks */ = {
			isa = PBXFrameworksBuildPhase;
			buildActionMask = 2147483647;
			files = (
				1999FB9819E172FB000F3F94 /* Foundation.framework in Frameworks */,
			);
			runOnlyForDeploymentPostprocessing = 0;
		};
		1999FBA119E172FB000F3F94 /* Frameworks */ = {
			isa = PBXFrameworksBuildPhase;
			buildActionMask = 2147483647;
			files = (
				1999FBAC19E172FB000F3F94 /* liballjoyn_time_cpp.a in Frameworks */,
				1999FBA619E172FB000F3F94 /* XCTest.framework in Frameworks */,
				1999FBA919E172FB000F3F94 /* UIKit.framework in Frameworks */,
				1999FBA719E172FB000F3F94 /* Foundation.framework in Frameworks */,
			);
			runOnlyForDeploymentPostprocessing = 0;
		};
/* End PBXFrameworksBuildPhase section */

/* Begin PBXGroup section */
		1999FB8B19E172FB000F3F94 = {
			isa = PBXGroup;
			children = (
				1999FB9919E172FB000F3F94 /* alljoyn_time_cpp */,
				1999FB9619E172FB000F3F94 /* Frameworks */,
				1999FB9519E172FB000F3F94 /* Products */,
			);
			sourceTree = "<group>";
		};
		1999FB9519E172FB000F3F94 /* Products */ = {
			isa = PBXGroup;
			children = (
				1999FB9419E172FB000F3F94 /* liballjoyn_time_cpp.a */,
				1999FBA419E172FB000F3F94 /* alljoyn_time_cppTests.xctest */,
			);
			name = Products;
			sourceTree = "<group>";
		};
		1999FB9619E172FB000F3F94 /* Frameworks */ = {
			isa = PBXGroup;
			children = (
				1999FB9719E172FB000F3F94 /* Foundation.framework */,
				1999FBA519E172FB000F3F94 /* XCTest.framework */,
				1999FBA819E172FB000F3F94 /* UIKit.framework */,
			);
			name = Frameworks;
			sourceTree = "<group>";
		};
		1999FB9919E172FB000F3F94 /* alljoyn_time_cpp */ = {
			isa = PBXGroup;
			children = (
				1999FC0019E17623000F3F94 /* time */,
				1999FB9A19E172FB000F3F94 /* Supporting Files */,
			);
			path = alljoyn_time_cpp;
			sourceTree = "<group>";
		};
		1999FB9A19E172FB000F3F94 /* Supporting Files */ = {
			isa = PBXGroup;
			children = (
				1999FB9B19E172FB000F3F94 /* alljoyn_time_cpp-Prefix.pch */,
			);
			name = "Supporting Files";
			sourceTree = "<group>";
		};
		1999FBBD19E17397000F3F94 /* inc */ = {
			isa = PBXGroup;
			children = (
				1999FBBF19E173CA000F3F94 /* alljoyn */,
			);
			name = inc;
			sourceTree = "<group>";
		};
		1999FBBE19E1739D000F3F94 /* src */ = {
			isa = PBXGroup;
			children = (
				1999FBD019E1744A000F3F94 /* common */,
				1999FBDE19E1744A000F3F94 /* server */,
			);
			name = src;
			sourceTree = "<group>";
		};
		1999FBBF19E173CA000F3F94 /* alljoyn */ = {
			isa = PBXGroup;
			children = (
				1999FBC019E173D4000F3F94 /* time */,
			);
			name = alljoyn;
			sourceTree = "<group>";
		};
		1999FBC019E173D4000F3F94 /* time */ = {
			isa = PBXGroup;
			children = (
				1999FBC119E173FE000F3F94 /* LogModule.h */,
				1999FBC219E173FE000F3F94 /* TimeServiceAlarmBusObj.h */,
				1999FBC319E173FE000F3F94 /* TimeServiceConstants.h */,
				1999FBC419E173FE000F3F94 /* TimeServiceDate.h */,
				1999FBC519E173FE000F3F94 /* TimeServiceDateTime.h */,
				1999FBC619E173FE000F3F94 /* TimeServicePeriod.h */,
				1999FBC719E173FE000F3F94 /* TimeServiceSchedule.h */,
				1999FBC819E173FE000F3F94 /* TimeServiceServer.h */,
				1999FBC919E173FE000F3F94 /* TimeServiceServerAlarm.h */,
				1999FBCA19E173FE000F3F94 /* TimeServiceServerAlarmFactory.h */,
				1999FBCB19E173FE000F3F94 /* TimeServiceServerAuthorityClock.h */,
				1999FBCC19E173FE000F3F94 /* TimeServiceServerClock.h */,
				1999FBCD19E173FE000F3F94 /* TimeServiceTime.h */,
			);
			name = time;
			sourceTree = "<group>";
		};
		1999FBD019E1744A000F3F94 /* common */ = {
			isa = PBXGroup;
			children = (
				1999FBD119E1744A000F3F94 /* Mutex.cc */,
				1999FBD219E1744A000F3F94 /* Mutex.h */,
				1999FBD319E1744A000F3F94 /* TimeServiceAlarmUtility.cc */,
				1999FBD419E1744A000F3F94 /* TimeServiceAlarmUtility.h */,
				1999FBD519E1744A000F3F94 /* TimeServiceClockUtility.cc */,
				1999FBD619E1744A000F3F94 /* TimeServiceClockUtility.h */,
				1999FBD719E1744A000F3F94 /* TimeServiceDate.cc */,
				1999FBD819E1744A000F3F94 /* TimeServiceDateTime.cc */,
				1999FBD919E1744A000F3F94 /* TimeServicePeriod.cc */,
				1999FBDA19E1744A000F3F94 /* TimeServiceSchedule.cc */,
				1999FBDB19E1744A000F3F94 /* TimeServiceTime.cc */,
				1999FBDC19E1744A000F3F94 /* TimeServiceUtility.cc */,
				1999FBDD19E1744A000F3F94 /* TimeServiceUtility.h */,
			);
			name = common;
			path = ../../../../../cpp/src/common;
			sourceTree = "<group>";
		};
		1999FBDE19E1744A000F3F94 /* server */ = {
			isa = PBXGroup;
			children = (
				1999FBDF19E1744A000F3F94 /* TimeServiceAlarmBusObj.cc */,
				1999FBE019E1744A000F3F94 /* TimeServiceAlarmFactoryBusObj.cc */,
				1999FBE119E1744A000F3F94 /* TimeServiceAlarmFactoryBusObj.h */,
				1999FBE219E1744A000F3F94 /* TimeServiceAuthorityClockBusObj.cc */,
				1999FBE319E1744A000F3F94 /* TimeServiceAuthorityClockBusObj.h */,
				1999FBE419E1744A000F3F94 /* TimeServiceClockBusObj.cc */,
				1999FBE519E1744A000F3F94 /* TimeServiceClockBusObj.h */,
				1999FBE619E1744A000F3F94 /* TimeServiceGlobalStringSequencer.cc */,
				1999FBE719E1744A000F3F94 /* TimeServiceGlobalStringSequencer.h */,
				1999FBE819E1744A000F3F94 /* TimeServiceServer.cc */,
				1999FBE919E1744A000F3F94 /* TimeServiceServerAlarm.cc */,
				1999FBEA19E1744A000F3F94 /* TimeServiceServerAlarmFactory.cc */,
				1999FBEB19E1744A000F3F94 /* TimeServiceServerAuthorityClock.cc */,
				1999FBEC19E1744A000F3F94 /* TimeServiceServerClock.cc */,
			);
			name = server;
			path = ../../../../../cpp/src/server;
			sourceTree = "<group>";
		};
		1999FC0019E17623000F3F94 /* time */ = {
			isa = PBXGroup;
			children = (
				1999FC0219E176E7000F3F94 /* cpp */,
			);
			name = time;
			sourceTree = "<group>";
		};
		1999FC0219E176E7000F3F94 /* cpp */ = {
			isa = PBXGroup;
			children = (
				1999FBBD19E17397000F3F94 /* inc */,
				1999FBBE19E1739D000F3F94 /* src */,
			);
			name = cpp;
			sourceTree = "<group>";
		};
/* End PBXGroup section */

/* Begin PBXNativeTarget section */
		1999FB9319E172FB000F3F94 /* alljoyn_time_cpp */ = {
			isa = PBXNativeTarget;
			buildConfigurationList = 1999FBB719E172FB000F3F94 /* Build configuration list for PBXNativeTarget "alljoyn_time_cpp" */;
			buildPhases = (
				1999FB9019E172FB000F3F94 /* Sources */,
				1999FB9119E172FB000F3F94 /* Frameworks */,
				1999FB9219E172FB000F3F94 /* CopyFiles */,
			);
			buildRules = (
			);
			dependencies = (
			);
			name = alljoyn_time_cpp;
			productName = alljoyn_time_cpp;
			productReference = 1999FB9419E172FB000F3F94 /* liballjoyn_time_cpp.a */;
			productType = "com.apple.product-type.library.static";
		};
		1999FBA319E172FB000F3F94 /* alljoyn_time_cppTests */ = {
			isa = PBXNativeTarget;
			buildConfigurationList = 1999FBBA19E172FB000F3F94 /* Build configuration list for PBXNativeTarget "alljoyn_time_cppTests" */;
			buildPhases = (
				1999FBA019E172FB000F3F94 /* Sources */,
				1999FBA119E172FB000F3F94 /* Frameworks */,
				1999FBA219E172FB000F3F94 /* Resources */,
			);
			buildRules = (
			);
			dependencies = (
				1999FBAB19E172FB000F3F94 /* PBXTargetDependency */,
			);
			name = alljoyn_time_cppTests;
			productName = alljoyn_time_cppTests;
			productReference = 1999FBA419E172FB000F3F94 /* alljoyn_time_cppTests.xctest */;
			productType = "com.apple.product-type.bundle.unit-test";
		};
/* End PBXNativeTarget section */

/* Begin PBXProject section */
		1999FB8C19E172FB000F3F94 /* Project object */ = {
			isa = PBXProject;
			attributes = {
				LastUpgradeCheck = 0510;
				ORGANIZATIONNAME = Allseen;
			};
			buildConfigurationList = 1999FB8F19E172FB000F3F94 /* Build configuration list for PBXProject "alljoyn_time_cpp" */;
			compatibilityVersion = "Xcode 3.2";
			developmentRegion = English;
			hasScannedForEncodings = 0;
			knownRegions = (
				en,
			);
			mainGroup = 1999FB8B19E172FB000F3F94;
			productRefGroup = 1999FB9519E172FB000F3F94 /* Products */;
			projectDirPath = "";
			projectRoot = "";
			targets = (
				1999FB9319E172FB000F3F94 /* alljoyn_time_cpp */,
				1999FBA319E172FB000F3F94 /* alljoyn_time_cppTests */,
			);
		};
/* End PBXProject section */

/* Begin PBXResourcesBuildPhase section */
		1999FBA219E172FB000F3F94 /* Resources */ = {
			isa = PBXResourcesBuildPhase;
			buildActionMask = 2147483647;
			files = (
			);
			runOnlyForDeploymentPostprocessing = 0;
		};
/* End PBXResourcesBuildPhase section */

/* Begin PBXSourcesBuildPhase section */
		1999FB9019E172FB000F3F94 /* Sources */ = {
			isa = PBXSourcesBuildPhase;
			buildActionMask = 2147483647;
			files = (
				1999FBF019E1744A000F3F94 /* TimeServiceDate.cc in Sources */,
				1999FBFC19E1744A000F3F94 /* TimeServiceServerAlarm.cc in Sources */,
				1999FBF219E1744A000F3F94 /* TimeServicePeriod.cc in Sources */,
				1999FBF719E1744A000F3F94 /* TimeServiceAlarmFactoryBusObj.cc in Sources */,
				1999FBFE19E1744A000F3F94 /* TimeServiceServerAuthorityClock.cc in Sources */,
				1999FBED19E1744A000F3F94 /* Mutex.cc in Sources */,
				1999FBF919E1744A000F3F94 /* TimeServiceClockBusObj.cc in Sources */,
				1999FBF619E1744A000F3F94 /* TimeServiceAlarmBusObj.cc in Sources */,
				1999FBFB19E1744A000F3F94 /* TimeServiceServer.cc in Sources */,
				1999FBEF19E1744A000F3F94 /* TimeServiceClockUtility.cc in Sources */,
				1999FBF319E1744A000F3F94 /* TimeServiceSchedule.cc in Sources */,
				1999FBFA19E1744A000F3F94 /* TimeServiceGlobalStringSequencer.cc in Sources */,
				1999FBF419E1744A000F3F94 /* TimeServiceTime.cc in Sources */,
				1999FBF819E1744A000F3F94 /* TimeServiceAuthorityClockBusObj.cc in Sources */,
				1999FBF119E1744A000F3F94 /* TimeServiceDateTime.cc in Sources */,
				1999FBF519E1744A000F3F94 /* TimeServiceUtility.cc in Sources */,
				1999FBFF19E1744A000F3F94 /* TimeServiceServerClock.cc in Sources */,
				1999FBFD19E1744A000F3F94 /* TimeServiceServerAlarmFactory.cc in Sources */,
				1999FBEE19E1744A000F3F94 /* TimeServiceAlarmUtility.cc in Sources */,
			);
			runOnlyForDeploymentPostprocessing = 0;
		};
		1999FBA019E172FB000F3F94 /* Sources */ = {
			isa = PBXSourcesBuildPhase;
			buildActionMask = 2147483647;
			files = (
			);
			runOnlyForDeploymentPostprocessing = 0;
		};
/* End PBXSourcesBuildPhase section */

/* Begin PBXTargetDependency section */
		1999FBAB19E172FB000F3F94 /* PBXTargetDependency */ = {
			isa = PBXTargetDependency;
			target = 1999FB9319E172FB000F3F94 /* alljoyn_time_cpp */;
			targetProxy = 1999FBAA19E172FB000F3F94 /* PBXContainerItemProxy */;
		};
/* End PBXTargetDependency section */

/* Begin XCBuildConfiguration section */
		1999FBB519E172FB000F3F94 /* Debug */ = {
			isa = XCBuildConfiguration;
			buildSettings = {
				ALWAYS_SEARCH_USER_PATHS = NO;
				CLANG_CXX_LANGUAGE_STANDARD = "gnu++0x";
				CLANG_CXX_LIBRARY = "libc++";
				CLANG_ENABLE_MODULES = YES;
				CLANG_ENABLE_OBJC_ARC = YES;
				CLANG_WARN_BOOL_CONVERSION = YES;
				CLANG_WARN_CONSTANT_CONVERSION = YES;
				CLANG_WARN_DIRECT_OBJC_ISA_USAGE = YES_ERROR;
				CLANG_WARN_EMPTY_BODY = YES;
				CLANG_WARN_ENUM_CONVERSION = YES;
				CLANG_WARN_INT_CONVERSION = YES;
				CLANG_WARN_OBJC_ROOT_CLASS = YES_ERROR;
				CLANG_WARN__DUPLICATE_METHOD_MATCH = YES;
				COPY_PHASE_STRIP = NO;
				GCC_C_LANGUAGE_STANDARD = gnu99;
				GCC_DYNAMIC_NO_PIC = NO;
				GCC_OPTIMIZATION_LEVEL = 0;
				GCC_PREPROCESSOR_DEFINITIONS = (
					"DEBUG=1",
					"$(inherited)",
				);
				GCC_SYMBOLS_PRIVATE_EXTERN = NO;
				GCC_WARN_64_TO_32_BIT_CONVERSION = YES;
				GCC_WARN_ABOUT_RETURN_TYPE = YES_ERROR;
				GCC_WARN_UNDECLARED_SELECTOR = YES;
				GCC_WARN_UNINITIALIZED_AUTOS = YES_AGGRESSIVE;
				GCC_WARN_UNUSED_FUNCTION = YES;
				GCC_WARN_UNUSED_VARIABLE = YES;
				IPHONEOS_DEPLOYMENT_TARGET = 7.1;
				ONLY_ACTIVE_ARCH = YES;
				SDKROOT = iphoneos;
			};
			name = Debug;
		};
		1999FBB619E172FB000F3F94 /* Release */ = {
			isa = XCBuildConfiguration;
			buildSettings = {
				ALWAYS_SEARCH_USER_PATHS = NO;
				CLANG_CXX_LANGUAGE_STANDARD = "gnu++0x";
				CLANG_CXX_LIBRARY = "libc++";
				CLANG_ENABLE_MODULES = YES;
				CLANG_ENABLE_OBJC_ARC = YES;
				CLANG_WARN_BOOL_CONVERSION = YES;
				CLANG_WARN_CONSTANT_CONVERSION = YES;
				CLANG_WARN_DIRECT_OBJC_ISA_USAGE = YES_ERROR;
				CLANG_WARN_EMPTY_BODY = YES;
				CLANG_WARN_ENUM_CONVERSION = YES;
				CLANG_WARN_INT_CONVERSION = YES;
				CLANG_WARN_OBJC_ROOT_CLASS = YES_ERROR;
				CLANG_WARN__DUPLICATE_METHOD_MATCH = YES;
				COPY_PHASE_STRIP = YES;
				ENABLE_NS_ASSERTIONS = NO;
				GCC_C_LANGUAGE_STANDARD = gnu99;
				GCC_WARN_64_TO_32_BIT_CONVERSION = YES;
				GCC_WARN_ABOUT_RETURN_TYPE = YES_ERROR;
				GCC_WARN_UNDECLARED_SELECTOR = YES;
				GCC_WARN_UNINITIALIZED_AUTOS = YES_AGGRESSIVE;
				GCC_WARN_UNUSED_FUNCTION = YES;
				GCC_WARN_UNUSED_VARIABLE = YES;
				IPHONEOS_DEPLOYMENT_TARGET = 7.1;
				SDKROOT = iphoneos;
				VALIDATE_PRODUCT = YES;
			};
			name = Release;
		};
		1999FBB819E172FB000F3F94 /* Debug */ = {
			isa = XCBuildConfiguration;
			buildSettings = {
				ALWAYS_SEARCH_USER_PATHS = YES;
				ARCHS = "$(ARCHS_STANDARD_INCLUDING_64_BIT)";
				CLANG_CXX_LANGUAGE_STANDARD = "compiler-default";
				CLANG_CXX_LIBRARY = "compiler-default";
				DSTROOT = /tmp/alljoyn_time_cpp.dst;
				GCC_C_LANGUAGE_STANDARD = "compiler-default";
				GCC_ENABLE_CPP_EXCEPTIONS = NO;
				GCC_ENABLE_CPP_RTTI = NO;
				GCC_PRECOMPILE_PREFIX_HEADER = YES;
				GCC_PREFIX_HEADER = "alljoyn_time_cpp/alljoyn_time_cpp-Prefix.pch";
				HEADER_SEARCH_PATHS = (
					"\"$(ALLJOYN_SDK_ROOT)/build/darwin/arm/$(PLATFORM_NAME)/$(CONFIGURATION)/dist/cpp/inc/\"",
					"$(inherited)",
					"\"$(ALLSEEN_BASE_SERVICES_ROOT)/time/cpp/inc\"",
					"\"$(ALLJOYN_SDK_ROOT)/services/about/cpp/inc\"",
					"\"$(ALLSEEN_BASE_SERVICES_ROOT)/services_common/cpp/inc\"",
				);
				ONLY_ACTIVE_ARCH = NO;
				OTHER_CFLAGS = (
					"-DQCC_OS_GROUP_POSIX",
					"-DQCC_OS_DARWIN",
					"-DUSE_SAMPLE_LOGGER",
				);
				OTHER_LDFLAGS = "-ObjC";
				PRODUCT_NAME = "$(TARGET_NAME)";
				SKIP_INSTALL = YES;
				VALID_ARCHS = "armv7 armv7s i386";
			};
			name = Debug;
		};
		1999FBB919E172FB000F3F94 /* Release */ = {
			isa = XCBuildConfiguration;
			buildSettings = {
				ALWAYS_SEARCH_USER_PATHS = YES;
				ARCHS = "$(ARCHS_STANDARD_INCLUDING_64_BIT)";
				CLANG_CXX_LANGUAGE_STANDARD = "compiler-default";
				CLANG_CXX_LIBRARY = "compiler-default";
				DSTROOT = /tmp/alljoyn_time_cpp.dst;
				GCC_C_LANGUAGE_STANDARD = "compiler-default";
				GCC_ENABLE_CPP_EXCEPTIONS = NO;
				GCC_ENABLE_CPP_RTTI = NO;
				GCC_PRECOMPILE_PREFIX_HEADER = YES;
				GCC_PREFIX_HEADER = "alljoyn_time_cpp/alljoyn_time_cpp-Prefix.pch";
				HEADER_SEARCH_PATHS = (
					"\"$(ALLJOYN_SDK_ROOT)/build/darwin/arm/$(PLATFORM_NAME)/$(CONFIGURATION)/dist/cpp/inc/\"",
					"$(inherited)",
					"\"$(ALLSEEN_BASE_SERVICES_ROOT)/time/cpp/inc\"",
					"\"$(ALLJOYN_SDK_ROOT)/services/about/cpp/inc\"",
					"\"$(ALLSEEN_BASE_SERVICES_ROOT)/services_common/cpp/inc\"",
				);
				ONLY_ACTIVE_ARCH = NO;
				OTHER_CFLAGS = (
					"-DQCC_OS_GROUP_POSIX",
					"-DQCC_OS_DARWIN",
					"-DUSE_SAMPLE_LOGGER",
				);
				OTHER_LDFLAGS = "-ObjC";
				PRODUCT_NAME = "$(TARGET_NAME)";
				SKIP_INSTALL = YES;
				VALID_ARCHS = "armv7 armv7s i386";
			};
			name = Release;
		};
		1999FBBB19E172FB000F3F94 /* Debug */ = {
			isa = XCBuildConfiguration;
			buildSettings = {
				FRAMEWORK_SEARCH_PATHS = (
					"$(SDKROOT)/Developer/Library/Frameworks",
					"$(inherited)",
					"$(DEVELOPER_FRAMEWORKS_DIR)",
				);
				GCC_PRECOMPILE_PREFIX_HEADER = YES;
				GCC_PREFIX_HEADER = "alljoyn_time_cpp/alljoyn_time_cpp-Prefix.pch";
				GCC_PREPROCESSOR_DEFINITIONS = (
					"DEBUG=1",
					"$(inherited)",
				);
				INFOPLIST_FILE = "alljoyn_time_cppTests/alljoyn_time_cppTests-Info.plist";
				PRODUCT_NAME = "$(TARGET_NAME)";
				WRAPPER_EXTENSION = xctest;
			};
			name = Debug;
		};
		1999FBBC19E172FB000F3F94 /* Release */ = {
			isa = XCBuildConfiguration;
			buildSettings = {
				FRAMEWORK_SEARCH_PATHS = (
					"$(SDKROOT)/Developer/Library/Frameworks",
					"$(inherited)",
					"$(DEVELOPER_FRAMEWORKS_DIR)",
				);
				GCC_PRECOMPILE_PREFIX_HEADER = YES;
				GCC_PREFIX_HEADER = "alljoyn_time_cpp/alljoyn_time_cpp-Prefix.pch";
				INFOPLIST_FILE = "alljoyn_time_cppTests/alljoyn_time_cppTests-Info.plist";
				PRODUCT_NAME = "$(TARGET_NAME)";
				WRAPPER_EXTENSION = xctest;
			};
			name = Release;
		};
/* End XCBuildConfiguration section */

/* Begin XCConfigurationList section */
		1999FB8F19E172FB000F3F94 /* Build configuration list for PBXProject "alljoyn_time_cpp" */ = {
			isa = XCConfigurationList;
			buildConfigurations = (
				1999FBB519E172FB000F3F94 /* Debug */,
				1999FBB619E172FB000F3F94 /* Release */,
			);
			defaultConfigurationIsVisible = 0;
			defaultConfigurationName = Release;
		};
		1999FBB719E172FB000F3F94 /* Build configuration list for PBXNativeTarget "alljoyn_time_cpp" */ = {
			isa = XCConfigurationList;
			buildConfigurations = (
				1999FBB819E172FB000F3F94 /* Debug */,
				1999FBB919E172FB000F3F94 /* Release */,
			);
			defaultConfigurationIsVisible = 0;
			defaultConfigurationName = Release;
		};
		1999FBBA19E172FB000F3F94 /* Build configuration list for PBXNativeTarget "alljoyn_time_cppTests" */ = {
			isa = XCConfigurationList;
			buildConfigurations = (
				1999FBBB19E172FB000F3F94 /* Debug */,
				1999FBBC19E172FB000F3F94 /* Release */,
			);
			defaultConfigurationIsVisible = 0;
			defaultConfigurationName = Release;
		};
/* End XCConfigurationList section */
	};
	rootObject = 1999FB8C19E172FB000F3F94 /* Project object */;
}
